
Microsoft Visual Studio Solution File, Format Version 12.00
# Visual Studio Version 16
VisualStudioVersion = 16.0.29609.76
MinimumVisualStudioVersion = 10.0.40219.1
Project("{FAE04EC0-301F-11D3-BF4B-00C04F79EFBC}") = "ManejoEventos.UWP", "ManejoEventos.UWP\ManejoEventos.UWP.csproj", "{02258A1A-FDB2-4AE7-A1DB-8CC029FA91B9}"
EndProject
Project("{FAE04EC0-301F-11D3-BF4B-00C04F79EFBC}") = "ManejoEventos.Android", "ManejoEventos.Android\ManejoEventos.Android.csproj", "{2121D6DC-C68C-40FC-87A6-CDB3AE4F4ED5}"
EndProject
Project("{FAE04EC0-301F-11D3-BF4B-00C04F79EFBC}") = "ManejoEventos.iOS", "ManejoEventos.iOS\ManejoEventos.iOS.csproj", "{31A93133-57F3-472A-8D33-B63A4F4C9952}"
EndProject
Project("{FAE04EC0-301F-11D3-BF4B-00C04F79EFBC}") = "ManejoEventos", "ManejoEventos\ManejoEventos.csproj", "{B8A07B0A-9812-4704-8899-AB1BB9D42159}"
EndProject
Global
	GlobalSection(SolutionConfigurationPlatforms) = preSolution
		Debug|Any CPU = Debug|Any CPU
		Debug|ARM = Debug|ARM
		Debug|iPhone = Debug|iPhone
		Debug|iPhoneSimulator = Debug|iPhoneSimulator
		Debug|x64 = Debug|x64
		Debug|x86 = Debug|x86
		Release|Any CPU = Release|Any CPU
		Release|ARM = Release|ARM
		Release|iPhone = Release|iPhone
		Release|iPhoneSimulator = Release|iPhoneSimulator
		Release|x64 = Release|x64
		Release|x86 = Release|x86
	EndGlobalSection
	GlobalSection(ProjectConfigurationPlatforms) = postSolution
		{02258A1A-FDB2-4AE7-A1DB-8CC029FA91B9}.Debug|Any CPU.ActiveCfg = Debug|x86
		{02258A1A-FDB2-4AE7-A1DB-8CC029FA91B9}.Debug|Any CPU.Build.0 = Debug|x86
		{02258A1A-FDB2-4AE7-A1DB-8CC029FA91B9}.Debug|Any CPU.Deploy.0 = Debug|x86
		{02258A1A-FDB2-4AE7-A1DB-8CC029FA91B9}.Debug|ARM.ActiveCfg = Debug|ARM
		{02258A1A-FDB2-4AE7-A1DB-8CC029FA91B9}.Debug|ARM.Build.0 = Debug|ARM
		{02258A1A-FDB2-4AE7-A1DB-8CC029FA91B9}.Debug|ARM.Deploy.0 = Debug|ARM
		{02258A1A-FDB2-4AE7-A1DB-8CC029FA91B9}.Debug|iPhone.ActiveCfg = Debug|x86
		{02258A1A-FDB2-4AE7-A1DB-8CC029FA91B9}.Debug|iPhone.Build.0 = Debug|x86
		{02258A1A-FDB2-4AE7-A1DB-8CC029FA91B9}.Debug|iPhone.Deploy.0 = Debug|x86
		{02258A1A-FDB2-4AE7-A1DB-8CC029FA91B9}.Debug|iPhoneSimulator.ActiveCfg = Debug|x86
		{02258A1A-FDB2-4AE7-A1DB-8CC029FA91B9}.Debug|iPhoneSimulator.Build.0 = Debug|x86
		{02258A1A-FDB2-4AE7-A1DB-8CC029FA91B9}.Debug|iPhoneSimulator.Deploy.0 = Debug|x86
		{02258A1A-FDB2-4AE7-A1DB-8CC029FA91B9}.Debug|x64.ActiveCfg = Debug|x64
		{02258A1A-FDB2-4AE7-A1DB-8CC029FA91B9}.Debug|x64.Build.0 = Debug|x64
		{02258A1A-FDB2-4AE7-A1DB-8CC029FA91B9}.Debug|x64.Deploy.0 = Debug|x64
		{02258A1A-FDB2-4AE7-A1DB-8CC029FA91B9}.Debug|x86.ActiveCfg = Debug|x86
		{02258A1A-FDB2-4AE7-A1DB-8CC029FA91B9}.Debug|x86.Build.0 = Debug|x86
		{02258A1A-FDB2-4AE7-A1DB-8CC029FA91B9}.Debug|x86.Deploy.0 = Debug|x86
		{02258A1A-FDB2-4AE7-A1DB-8CC029FA91B9}.Release|Any CPU.ActiveCfg = Release|x86
		{02258A1A-FDB2-4AE7-A1DB-8CC029FA91B9}.Release|Any CPU.Build.0 = Release|x86
		{02258A1A-FDB2-4AE7-A1DB-8CC029FA91B9}.Release|Any CPU.Deploy.0 = Release|x86
		{02258A1A-FDB2-4AE7-A1DB-8CC029FA91B9}.Release|ARM.ActiveCfg = Release|ARM
		{02258A1A-FDB2-4AE7-A1DB-8CC029FA91B9}.Release|ARM.Build.0 = Release|ARM
		{02258A1A-FDB2-4AE7-A1DB-8CC029FA91B9}.Release|ARM.Deploy.0 = Release|ARM
		{02258A1A-FDB2-4AE7-A1DB-8CC029FA91B9}.Release|iPhone.ActiveCfg = Release|x86
		{02258A1A-FDB2-4AE7-A1DB-8CC029FA91B9}.Release|iPhone.Build.0 = Release|x86
		{02258A1A-FDB2-4AE7-A1DB-8CC029FA91B9}.Release|iPhone.Deploy.0 = Release|x86
		{02258A1A-FDB2-4AE7-A1DB-8CC029FA91B9}.Release|iPhoneSimulator.ActiveCfg = Release|x86
		{02258A1A-FDB2-4AE7-A1DB-8CC029FA91B9}.Release|iPhoneSimulator.Build.0 = Release|x86
		{02258A1A-FDB2-4AE7-A1DB-8CC029FA91B9}.Release|iPhoneSimulator.Deploy.0 = Release|x86
		{02258A1A-FDB2-4AE7-A1DB-8CC029FA91B9}.Release|x64.ActiveCfg = Release|x64
		{02258A1A-FDB2-4AE7-A1DB-8CC029FA91B9}.Release|x64.Build.0 = Release|x64
		{02258A1A-FDB2-4AE7-A1DB-8CC029FA91B9}.Release|x64.Deploy.0 = Release|x64
		{02258A1A-FDB2-4AE7-A1DB-8CC029FA91B9}.Release|x86.ActiveCfg = Release|x86
		{02258A1A-FDB2-4AE7-A1DB-8CC029FA91B9}.Release|x86.Build.0 = Release|x86
		{02258A1A-FDB2-4AE7-A1DB-8CC029FA91B9}.Release|x86.Deploy.0 = Release|x86
		{2121D6DC-C68C-40FC-87A6-CDB3AE4F4ED5}.Debug|Any CPU.ActiveCfg = Debug|Any CPU
		{2121D6DC-C68C-40FC-87A6-CDB3AE4F4ED5}.Debug|Any CPU.Build.0 = Debug|Any CPU
		{2121D6DC-C68C-40FC-87A6-CDB3AE4F4ED5}.Debug|Any CPU.Deploy.0 = Debug|Any CPU
		{2121D6DC-C68C-40FC-87A6-CDB3AE4F4ED5}.Debug|ARM.ActiveCfg = Debug|Any CPU
		{2121D6DC-C68C-40FC-87A6-CDB3AE4F4ED5}.Debug|ARM.Build.0 = Debug|Any CPU
		{2121D6DC-C68C-40FC-87A6-CDB3AE4F4ED5}.Debug|ARM.Deploy.0 = Debug|Any CPU
		{2121D6DC-C68C-40FC-87A6-CDB3AE4F4ED5}.Debug|iPhone.ActiveCfg = Debug|Any CPU
		{2121D6DC-C68C-40FC-87A6-CDB3AE4F4ED5}.Debug|iPhone.Build.0 = Debug|Any CPU
		{2121D6DC-C68C-40FC-87A6-CDB3AE4F4ED5}.Debug|iPhone.Deploy.0 = Debug|Any CPU
		{2121D6DC-C68C-40FC-87A6-CDB3AE4F4ED5}.Debug|iPhoneSimulator.ActiveCfg = Debug|Any CPU
		{2121D6DC-C68C-40FC-87A6-CDB3AE4F4ED5}.Debug|iPhoneSimulator.Build.0 = Debug|Any CPU
		{2121D6DC-C68C-40FC-87A6-CDB3AE4F4ED5}.Debug|iPhoneSimulator.Deploy.0 = Debug|Any CPU
		{2121D6DC-C68C-40FC-87A6-CDB3AE4F4ED5}.Debug|x64.ActiveCfg = Debug|Any CPU
		{2121D6DC-C68C-40FC-87A6-CDB3AE4F4ED5}.Debug|x64.Build.0 = Debug|Any CPU
		{2121D6DC-C68C-40FC-87A6-CDB3AE4F4ED5}.Debug|x64.Deploy.0 = Debug|Any CPU
		{2121D6DC-C68C-40FC-87A6-CDB3AE4F4ED5}.Debug|x86.ActiveCfg = Debug|Any CPU
		{2121D6DC-C68C-40FC-87A6-CDB3AE4F4ED5}.Debug|x86.Build.0 = Debug|Any CPU
		{2121D6DC-C68C-40FC-87A6-CDB3AE4F4ED5}.Debug|x86.Deploy.0 = Debug|Any CPU
		{2121D6DC-C68C-40FC-87A6-CDB3AE4F4ED5}.Release|Any CPU.ActiveCfg = Release|Any CPU
		{2121D6DC-C68C-40FC-87A6-CDB3AE4F4ED5}.Release|Any CPU.Build.0 = Release|Any CPU
		{2121D6DC-C68C-40FC-87A6-CDB3AE4F4ED5}.Release|Any CPU.Deploy.0 = Release|Any CPU
		{2121D6DC-C68C-40FC-87A6-CDB3AE4F4ED5}.Release|ARM.ActiveCfg = Release|Any CPU
		{2121D6DC-C68C-40FC-87A6-CDB3AE4F4ED5}.Release|ARM.Build.0 = Release|Any CPU
		{2121D6DC-C68C-40FC-87A6-CDB3AE4F4ED5}.Release|ARM.Deploy.0 = Release|Any CPU
		{2121D6DC-C68C-40FC-87A6-CDB3AE4F4ED5}.Release|iPhone.ActiveCfg = Release|Any CPU
		{2121D6DC-C68C-40FC-87A6-CDB3AE4F4ED5}.Release|iPhone.Build.0 = Release|Any CPU
		{2121D6DC-C68C-40FC-87A6-CDB3AE4F4ED5}.Release|iPhone.Deploy.0 = Release|Any CPU
		{2121D6DC-C68C-40FC-87A6-CDB3AE4F4ED5}.Release|iPhoneSimulator.ActiveCfg = Release|Any CPU
		{2121D6DC-C68C-40FC-87A6-CDB3AE4F4ED5}.Release|iPhoneSimulator.Build.0 = Release|Any CPU
		{2121D6DC-C68C-40FC-87A6-CDB3AE4F4ED5}.Release|iPhoneSimulator.Deploy.0 = Release|Any CPU
		{2121D6DC-C68C-40FC-87A6-CDB3AE4F4ED5}.Release|x64.ActiveCfg = Release|Any CPU
		{2121D6DC-C68C-40FC-87A6-CDB3AE4F4ED5}.Release|x64.Build.0 = Release|Any CPU
		{2121D6DC-C68C-40FC-87A6-CDB3AE4F4ED5}.Release|x64.Deploy.0 = Release|Any CPU
		{2121D6DC-C68C-40FC-87A6-CDB3AE4F4ED5}.Release|x86.ActiveCfg = Release|Any CPU
		{2121D6DC-C68C-40FC-87A6-CDB3AE4F4ED5}.Release|x86.Build.0 = Release|Any CPU
		{2121D6DC-C68C-40FC-87A6-CDB3AE4F4ED5}.Release|x86.Deploy.0 = Release|Any CPU
		{31A93133-57F3-472A-8D33-B63A4F4C9952}.Debug|Any CPU.ActiveCfg = Debug|iPhone
		{31A93133-57F3-472A-8D33-B63A4F4C9952}.Debug|Any CPU.Build.0 = Debug|iPhone
		{31A93133-57F3-472A-8D33-B63A4F4C9952}.Debug|Any CPU.Deploy.0 = Debug|iPhone
		{31A93133-57F3-472A-8D33-B63A4F4C9952}.Debug|ARM.ActiveCfg = Debug|iPhoneSimulator
		{31A93133-57F3-472A-8D33-B63A4F4C9952}.Debug|ARM.Build.0 = Debug|iPhoneSimulator
		{31A93133-57F3-472A-8D33-B63A4F4C9952}.Debug|ARM.Deploy.0 = Debug|iPhoneSimulator
		{31A93133-57F3-472A-8D33-B63A4F4C9952}.Debug|iPhone.ActiveCfg = Debug|iPhone
		{31A93133-57F3-472A-8D33-B63A4F4C9952}.Debug|iPhone.Build.0 = Debug|iPhone
		{31A93133-57F3-472A-8D33-B63A4F4C9952}.Debug|iPhone.Deploy.0 = Debug|iPhone
		{31A93133-57F3-472A-8D33-B63A4F4C9952}.Debug|iPhoneSimulator.ActiveCfg = Debug|iPhoneSimulator
		{31A93133-57F3-472A-8D33-B63A4F4C9952}.Debug|iPhoneSimulator.Build.0 = Debug|iPhoneSimulator
		{31A93133-57F3-472A-8D33-B63A4F4C9952}.Debug|iPhoneSimulator.Deploy.0 = Debug|iPhoneSimulator
		{31A93133-57F3-472A-8D33-B63A4F4C9952}.Debug|x64.ActiveCfg = Debug|iPhone
		{31A93133-57F3-472A-8D33-B63A4F4C9952}.Debug|x64.Build.0 = Debug|iPhone
		{31A93133-57F3-472A-8D33-B63A4F4C9952}.Debug|x64.Deploy.0 = Debug|iPhone
		{31A93133-57F3-472A-8D33-B63A4F4C9952}.Debug|x86.ActiveCfg = Debug|iPhone
		{31A93133-57F3-472A-8D33-B63A4F4C9952}.Debug|x86.Build.0 = Debug|iPhone
		{31A93133-57F3-472A-8D33-B63A4F4C9952}.Debug|x86.Deploy.0 = Debug|iPhone
		{31A93133-57F3-472A-8D33-B63A4F4C9952}.Release|Any CPU.ActiveCfg = Release|iPhone
		{31A93133-57F3-472A-8D33-B63A4F4C9952}.Release|Any CPU.Build.0 = Release|iPhone
		{31A93133-57F3-472A-8D33-B63A4F4C9952}.Release|Any CPU.Deploy.0 = Release|iPhone
		{31A93133-57F3-472A-8D33-B63A4F4C9952}.Release|ARM.ActiveCfg = Release|iPhone
		{31A93133-57F3-472A-8D33-B63A4F4C9952}.Release|ARM.Build.0 = Release|iPhone
		{31A93133-57F3-472A-8D33-B63A4F4C9952}.Release|ARM.Deploy.0 = Release|iPhone
		{31A93133-57F3-472A-8D33-B63A4F4C9952}.Release|iPhone.ActiveCfg = Release|iPhone
		{31A93133-57F3-472A-8D33-B63A4F4C9952}.Release|iPhone.Build.0 = Release|iPhone
		{31A93133-57F3-472A-8D33-B63A4F4C9952}.Release|iPhone.Deploy.0 = Release|iPhone
		{31A93133-57F3-472A-8D33-B63A4F4C9952}.Release|iPhoneSimulator.ActiveCfg = Release|iPhoneSimulator
		{31A93133-57F3-472A-8D33-B63A4F4C9952}.Release|iPhoneSimulator.Build.0 = Release|iPhoneSimulator
		{31A93133-57F3-472A-8D33-B63A4F4C9952}.Release|iPhoneSimulator.Deploy.0 = Release|iPhoneSimulator
		{31A93133-57F3-472A-8D33-B63A4F4C9952}.Release|x64.ActiveCfg = Release|iPhone
		{31A93133-57F3-472A-8D33-B63A4F4C9952}.Release|x64.Build.0 = Release|iPhone
		{31A93133-57F3-472A-8D33-B63A4F4C9952}.Release|x64.Deploy.0 = Release|iPhone
		{31A93133-57F3-472A-8D33-B63A4F4C9952}.Release|x86.ActiveCfg = Release|iPhone
		{31A93133-57F3-472A-8D33-B63A4F4C9952}.Release|x86.Build.0 = Release|iPhone
		{31A93133-57F3-472A-8D33-B63A4F4C9952}.Release|x86.Deploy.0 = Release|iPhone
		{B8A07B0A-9812-4704-8899-AB1BB9D42159}.Debug|Any CPU.ActiveCfg = Debug|Any CPU
		{B8A07B0A-9812-4704-8899-AB1BB9D42159}.Debug|Any CPU.Build.0 = Debug|Any CPU
		{B8A07B0A-9812-4704-8899-AB1BB9D42159}.Debug|Any CPU.Deploy.0 = Debug|Any CPU
		{B8A07B0A-9812-4704-8899-AB1BB9D42159}.Debug|ARM.ActiveCfg = Debug|Any CPU
		{B8A07B0A-9812-4704-8899-AB1BB9D42159}.Debug|ARM.Build.0 = Debug|Any CPU
		{B8A07B0A-9812-4704-8899-AB1BB9D42159}.Debug|ARM.Deploy.0 = Debug|Any CPU
		{B8A07B0A-9812-4704-8899-AB1BB9D42159}.Debug|iPhone.ActiveCfg = Debug|Any CPU
		{B8A07B0A-9812-4704-8899-AB1BB9D42159}.Debug|iPhone.Build.0 = Debug|Any CPU
		{B8A07B0A-9812-4704-8899-AB1BB9D42159}.Debug|iPhone.Deploy.0 = Debug|Any CPU
		{B8A07B0A-9812-4704-8899-AB1BB9D42159}.Debug|iPhoneSimulator.ActiveCfg = Debug|Any CPU
		{B8A07B0A-9812-4704-8899-AB1BB9D42159}.Debug|iPhoneSimulator.Build.0 = Debug|Any CPU
		{B8A07B0A-9812-4704-8899-AB1BB9D42159}.Debug|iPhoneSimulator.Deploy.0 = Debug|Any CPU
		{B8A07B0A-9812-4704-8899-AB1BB9D42159}.Debug|x64.ActiveCfg = Debug|Any CPU
		{B8A07B0A-9812-4704-8899-AB1BB9D42159}.Debug|x64.Build.0 = Debug|Any CPU
		{B8A07B0A-9812-4704-8899-AB1BB9D42159}.Debug|x64.Deploy.0 = Debug|Any CPU
		{B8A07B0A-9812-4704-8899-AB1BB9D42159}.Debug|x86.ActiveCfg = Debug|Any CPU
		{B8A07B0A-9812-4704-8899-AB1BB9D42159}.Debug|x86.Build.0 = Debug|Any CPU
		{B8A07B0A-9812-4704-8899-AB1BB9D42159}.Debug|x86.Deploy.0 = Debug|Any CPU
		{B8A07B0A-9812-4704-8899-AB1BB9D42159}.Release|Any CPU.ActiveCfg = Release|Any CPU
		{B8A07B0A-9812-4704-8899-AB1BB9D42159}.Release|Any CPU.Build.0 = Release|Any CPU
		{B8A07B0A-9812-4704-8899-AB1BB9D42159}.Release|Any CPU.Deploy.0 = Release|Any CPU
		{B8A07B0A-9812-4704-8899-AB1BB9D42159}.Release|ARM.ActiveCfg = Release|Any CPU
		{B8A07B0A-9812-4704-8899-AB1BB9D42159}.Release|ARM.Build.0 = Release|Any CPU
		{B8A07B0A-9812-4704-8899-AB1BB9D42159}.Release|ARM.Deploy.0 = Release|Any CPU
		{B8A07B0A-9812-4704-8899-AB1BB9D42159}.Release|iPhone.ActiveCfg = Release|Any CPU
		{B8A07B0A-9812-4704-8899-AB1BB9D42159}.Release|iPhone.Build.0 = Release|Any CPU
		{B8A07B0A-9812-4704-8899-AB1BB9D42159}.Release|iPhone.Deploy.0 = Release|Any CPU
		{B8A07B0A-9812-4704-8899-AB1BB9D42159}.Release|iPhoneSimulator.ActiveCfg = Release|Any CPU
		{B8A07B0A-9812-4704-8899-AB1BB9D42159}.Release|iPhoneSimulator.Build.0 = Release|Any CPU
		{B8A07B0A-9812-4704-8899-AB1BB9D42159}.Release|iPhoneSimulator.Deploy.0 = Release|Any CPU
		{B8A07B0A-9812-4704-8899-AB1BB9D42159}.Release|x64.ActiveCfg = Release|Any CPU
		{B8A07B0A-9812-4704-8899-AB1BB9D42159}.Release|x64.Build.0 = Release|Any CPU
		{B8A07B0A-9812-4704-8899-AB1BB9D42159}.Release|x64.Deploy.0 = Release|Any CPU
		{B8A07B0A-9812-4704-8899-AB1BB9D42159}.Release|x86.ActiveCfg = Release|Any CPU
		{B8A07B0A-9812-4704-8899-AB1BB9D42159}.Release|x86.Build.0 = Release|Any CPU
		{B8A07B0A-9812-4704-8899-AB1BB9D42159}.Release|x86.Deploy.0 = Release|Any CPU
	EndGlobalSection
	GlobalSection(SolutionProperties) = preSolution
		HideSolutionNode = FALSE
	EndGlobalSection
	GlobalSection(ExtensibilityGlobals) = postSolution
		SolutionGuid = {E90427BF-D9E6-4C2E-8795-3D67255F7C52}
	EndGlobalSection
EndGlobal
