
Microsoft Visual Studio Solution File, Format Version 12.00
# Visual Studio Version 16
VisualStudioVersion = 16.0.29609.76
MinimumVisualStudioVersion = 10.0.40219.1
Project("{FAE04EC0-301F-11D3-BF4B-00C04F79EFBC}") = "PropiedadesEnlazables.UWP", "PropiedadesEnlazables.UWP\PropiedadesEnlazables.UWP.csproj", "{EF3E8D56-11D5-46A9-97CD-60DE8F12A283}"
EndProject
Project("{FAE04EC0-301F-11D3-BF4B-00C04F79EFBC}") = "PropiedadesEnlazables.Android", "PropiedadesEnlazables.Android\PropiedadesEnlazables.Android.csproj", "{BB667146-4AC4-424D-912C-15B8072F5C41}"
EndProject
Project("{FAE04EC0-301F-11D3-BF4B-00C04F79EFBC}") = "PropiedadesEnlazables.iOS", "PropiedadesEnlazables.iOS\PropiedadesEnlazables.iOS.csproj", "{E79B8E60-CC1D-4179-925C-3B031DEBAECF}"
EndProject
Project("{FAE04EC0-301F-11D3-BF4B-00C04F79EFBC}") = "PropiedadesEnlazables", "PropiedadesEnlazables\PropiedadesEnlazables.csproj", "{C1A0BF9B-2728-4D1C-BF12-AE1683E6B8D8}"
EndProject
Global
	GlobalSection(SolutionConfigurationPlatforms) = preSolution
		Debug|Any CPU = Debug|Any CPU
		Debug|ARM = Debug|ARM
		Debug|iPhone = Debug|iPhone
		Debug|iPhoneSimulator = Debug|iPhoneSimulator
		Debug|x64 = Debug|x64
		Debug|x86 = Debug|x86
		Release|Any CPU = Release|Any CPU
		Release|ARM = Release|ARM
		Release|iPhone = Release|iPhone
		Release|iPhoneSimulator = Release|iPhoneSimulator
		Release|x64 = Release|x64
		Release|x86 = Release|x86
	EndGlobalSection
	GlobalSection(ProjectConfigurationPlatforms) = postSolution
		{EF3E8D56-11D5-46A9-97CD-60DE8F12A283}.Debug|Any CPU.ActiveCfg = Debug|x86
		{EF3E8D56-11D5-46A9-97CD-60DE8F12A283}.Debug|Any CPU.Build.0 = Debug|x86
		{EF3E8D56-11D5-46A9-97CD-60DE8F12A283}.Debug|Any CPU.Deploy.0 = Debug|x86
		{EF3E8D56-11D5-46A9-97CD-60DE8F12A283}.Debug|ARM.ActiveCfg = Debug|ARM
		{EF3E8D56-11D5-46A9-97CD-60DE8F12A283}.Debug|ARM.Build.0 = Debug|ARM
		{EF3E8D56-11D5-46A9-97CD-60DE8F12A283}.Debug|ARM.Deploy.0 = Debug|ARM
		{EF3E8D56-11D5-46A9-97CD-60DE8F12A283}.Debug|iPhone.ActiveCfg = Debug|x86
		{EF3E8D56-11D5-46A9-97CD-60DE8F12A283}.Debug|iPhone.Build.0 = Debug|x86
		{EF3E8D56-11D5-46A9-97CD-60DE8F12A283}.Debug|iPhone.Deploy.0 = Debug|x86
		{EF3E8D56-11D5-46A9-97CD-60DE8F12A283}.Debug|iPhoneSimulator.ActiveCfg = Debug|x86
		{EF3E8D56-11D5-46A9-97CD-60DE8F12A283}.Debug|iPhoneSimulator.Build.0 = Debug|x86
		{EF3E8D56-11D5-46A9-97CD-60DE8F12A283}.Debug|iPhoneSimulator.Deploy.0 = Debug|x86
		{EF3E8D56-11D5-46A9-97CD-60DE8F12A283}.Debug|x64.ActiveCfg = Debug|x64
		{EF3E8D56-11D5-46A9-97CD-60DE8F12A283}.Debug|x64.Build.0 = Debug|x64
		{EF3E8D56-11D5-46A9-97CD-60DE8F12A283}.Debug|x64.Deploy.0 = Debug|x64
		{EF3E8D56-11D5-46A9-97CD-60DE8F12A283}.Debug|x86.ActiveCfg = Debug|x86
		{EF3E8D56-11D5-46A9-97CD-60DE8F12A283}.Debug|x86.Build.0 = Debug|x86
		{EF3E8D56-11D5-46A9-97CD-60DE8F12A283}.Debug|x86.Deploy.0 = Debug|x86
		{EF3E8D56-11D5-46A9-97CD-60DE8F12A283}.Release|Any CPU.ActiveCfg = Release|x86
		{EF3E8D56-11D5-46A9-97CD-60DE8F12A283}.Release|Any CPU.Build.0 = Release|x86
		{EF3E8D56-11D5-46A9-97CD-60DE8F12A283}.Release|Any CPU.Deploy.0 = Release|x86
		{EF3E8D56-11D5-46A9-97CD-60DE8F12A283}.Release|ARM.ActiveCfg = Release|ARM
		{EF3E8D56-11D5-46A9-97CD-60DE8F12A283}.Release|ARM.Build.0 = Release|ARM
		{EF3E8D56-11D5-46A9-97CD-60DE8F12A283}.Release|ARM.Deploy.0 = Release|ARM
		{EF3E8D56-11D5-46A9-97CD-60DE8F12A283}.Release|iPhone.ActiveCfg = Release|x86
		{EF3E8D56-11D5-46A9-97CD-60DE8F12A283}.Release|iPhone.Build.0 = Release|x86
		{EF3E8D56-11D5-46A9-97CD-60DE8F12A283}.Release|iPhone.Deploy.0 = Release|x86
		{EF3E8D56-11D5-46A9-97CD-60DE8F12A283}.Release|iPhoneSimulator.ActiveCfg = Release|x86
		{EF3E8D56-11D5-46A9-97CD-60DE8F12A283}.Release|iPhoneSimulator.Build.0 = Release|x86
		{EF3E8D56-11D5-46A9-97CD-60DE8F12A283}.Release|iPhoneSimulator.Deploy.0 = Release|x86
		{EF3E8D56-11D5-46A9-97CD-60DE8F12A283}.Release|x64.ActiveCfg = Release|x64
		{EF3E8D56-11D5-46A9-97CD-60DE8F12A283}.Release|x64.Build.0 = Release|x64
		{EF3E8D56-11D5-46A9-97CD-60DE8F12A283}.Release|x64.Deploy.0 = Release|x64
		{EF3E8D56-11D5-46A9-97CD-60DE8F12A283}.Release|x86.ActiveCfg = Release|x86
		{EF3E8D56-11D5-46A9-97CD-60DE8F12A283}.Release|x86.Build.0 = Release|x86
		{EF3E8D56-11D5-46A9-97CD-60DE8F12A283}.Release|x86.Deploy.0 = Release|x86
		{BB667146-4AC4-424D-912C-15B8072F5C41}.Debug|Any CPU.ActiveCfg = Debug|Any CPU
		{BB667146-4AC4-424D-912C-15B8072F5C41}.Debug|Any CPU.Build.0 = Debug|Any CPU
		{BB667146-4AC4-424D-912C-15B8072F5C41}.Debug|Any CPU.Deploy.0 = Debug|Any CPU
		{BB667146-4AC4-424D-912C-15B8072F5C41}.Debug|ARM.ActiveCfg = Debug|Any CPU
		{BB667146-4AC4-424D-912C-15B8072F5C41}.Debug|ARM.Build.0 = Debug|Any CPU
		{BB667146-4AC4-424D-912C-15B8072F5C41}.Debug|ARM.Deploy.0 = Debug|Any CPU
		{BB667146-4AC4-424D-912C-15B8072F5C41}.Debug|iPhone.ActiveCfg = Debug|Any CPU
		{BB667146-4AC4-424D-912C-15B8072F5C41}.Debug|iPhone.Build.0 = Debug|Any CPU
		{BB667146-4AC4-424D-912C-15B8072F5C41}.Debug|iPhone.Deploy.0 = Debug|Any CPU
		{BB667146-4AC4-424D-912C-15B8072F5C41}.Debug|iPhoneSimulator.ActiveCfg = Debug|Any CPU
		{BB667146-4AC4-424D-912C-15B8072F5C41}.Debug|iPhoneSimulator.Build.0 = Debug|Any CPU
		{BB667146-4AC4-424D-912C-15B8072F5C41}.Debug|iPhoneSimulator.Deploy.0 = Debug|Any CPU
		{BB667146-4AC4-424D-912C-15B8072F5C41}.Debug|x64.ActiveCfg = Debug|Any CPU
		{BB667146-4AC4-424D-912C-15B8072F5C41}.Debug|x64.Build.0 = Debug|Any CPU
		{BB667146-4AC4-424D-912C-15B8072F5C41}.Debug|x64.Deploy.0 = Debug|Any CPU
		{BB667146-4AC4-424D-912C-15B8072F5C41}.Debug|x86.ActiveCfg = Debug|Any CPU
		{BB667146-4AC4-424D-912C-15B8072F5C41}.Debug|x86.Build.0 = Debug|Any CPU
		{BB667146-4AC4-424D-912C-15B8072F5C41}.Debug|x86.Deploy.0 = Debug|Any CPU
		{BB667146-4AC4-424D-912C-15B8072F5C41}.Release|Any CPU.ActiveCfg = Release|Any CPU
		{BB667146-4AC4-424D-912C-15B8072F5C41}.Release|Any CPU.Build.0 = Release|Any CPU
		{BB667146-4AC4-424D-912C-15B8072F5C41}.Release|Any CPU.Deploy.0 = Release|Any CPU
		{BB667146-4AC4-424D-912C-15B8072F5C41}.Release|ARM.ActiveCfg = Release|Any CPU
		{BB667146-4AC4-424D-912C-15B8072F5C41}.Release|ARM.Build.0 = Release|Any CPU
		{BB667146-4AC4-424D-912C-15B8072F5C41}.Release|ARM.Deploy.0 = Release|Any CPU
		{BB667146-4AC4-424D-912C-15B8072F5C41}.Release|iPhone.ActiveCfg = Release|Any CPU
		{BB667146-4AC4-424D-912C-15B8072F5C41}.Release|iPhone.Build.0 = Release|Any CPU
		{BB667146-4AC4-424D-912C-15B8072F5C41}.Release|iPhone.Deploy.0 = Release|Any CPU
		{BB667146-4AC4-424D-912C-15B8072F5C41}.Release|iPhoneSimulator.ActiveCfg = Release|Any CPU
		{BB667146-4AC4-424D-912C-15B8072F5C41}.Release|iPhoneSimulator.Build.0 = Release|Any CPU
		{BB667146-4AC4-424D-912C-15B8072F5C41}.Release|iPhoneSimulator.Deploy.0 = Release|Any CPU
		{BB667146-4AC4-424D-912C-15B8072F5C41}.Release|x64.ActiveCfg = Release|Any CPU
		{BB667146-4AC4-424D-912C-15B8072F5C41}.Release|x64.Build.0 = Release|Any CPU
		{BB667146-4AC4-424D-912C-15B8072F5C41}.Release|x64.Deploy.0 = Release|Any CPU
		{BB667146-4AC4-424D-912C-15B8072F5C41}.Release|x86.ActiveCfg = Release|Any CPU
		{BB667146-4AC4-424D-912C-15B8072F5C41}.Release|x86.Build.0 = Release|Any CPU
		{BB667146-4AC4-424D-912C-15B8072F5C41}.Release|x86.Deploy.0 = Release|Any CPU
		{E79B8E60-CC1D-4179-925C-3B031DEBAECF}.Debug|Any CPU.ActiveCfg = Debug|iPhone
		{E79B8E60-CC1D-4179-925C-3B031DEBAECF}.Debug|Any CPU.Build.0 = Debug|iPhone
		{E79B8E60-CC1D-4179-925C-3B031DEBAECF}.Debug|Any CPU.Deploy.0 = Debug|iPhone
		{E79B8E60-CC1D-4179-925C-3B031DEBAECF}.Debug|ARM.ActiveCfg = Debug|iPhoneSimulator
		{E79B8E60-CC1D-4179-925C-3B031DEBAECF}.Debug|ARM.Build.0 = Debug|iPhoneSimulator
		{E79B8E60-CC1D-4179-925C-3B031DEBAECF}.Debug|ARM.Deploy.0 = Debug|iPhoneSimulator
		{E79B8E60-CC1D-4179-925C-3B031DEBAECF}.Debug|iPhone.ActiveCfg = Debug|iPhone
		{E79B8E60-CC1D-4179-925C-3B031DEBAECF}.Debug|iPhone.Build.0 = Debug|iPhone
		{E79B8E60-CC1D-4179-925C-3B031DEBAECF}.Debug|iPhone.Deploy.0 = Debug|iPhone
		{E79B8E60-CC1D-4179-925C-3B031DEBAECF}.Debug|iPhoneSimulator.ActiveCfg = Debug|iPhoneSimulator
		{E79B8E60-CC1D-4179-925C-3B031DEBAECF}.Debug|iPhoneSimulator.Build.0 = Debug|iPhoneSimulator
		{E79B8E60-CC1D-4179-925C-3B031DEBAECF}.Debug|iPhoneSimulator.Deploy.0 = Debug|iPhoneSimulator
		{E79B8E60-CC1D-4179-925C-3B031DEBAECF}.Debug|x64.ActiveCfg = Debug|iPhone
		{E79B8E60-CC1D-4179-925C-3B031DEBAECF}.Debug|x64.Build.0 = Debug|iPhone
		{E79B8E60-CC1D-4179-925C-3B031DEBAECF}.Debug|x64.Deploy.0 = Debug|iPhone
		{E79B8E60-CC1D-4179-925C-3B031DEBAECF}.Debug|x86.ActiveCfg = Debug|iPhone
		{E79B8E60-CC1D-4179-925C-3B031DEBAECF}.Debug|x86.Build.0 = Debug|iPhone
		{E79B8E60-CC1D-4179-925C-3B031DEBAECF}.Debug|x86.Deploy.0 = Debug|iPhone
		{E79B8E60-CC1D-4179-925C-3B031DEBAECF}.Release|Any CPU.ActiveCfg = Release|iPhone
		{E79B8E60-CC1D-4179-925C-3B031DEBAECF}.Release|Any CPU.Build.0 = Release|iPhone
		{E79B8E60-CC1D-4179-925C-3B031DEBAECF}.Release|Any CPU.Deploy.0 = Release|iPhone
		{E79B8E60-CC1D-4179-925C-3B031DEBAECF}.Release|ARM.ActiveCfg = Release|iPhone
		{E79B8E60-CC1D-4179-925C-3B031DEBAECF}.Release|ARM.Build.0 = Release|iPhone
		{E79B8E60-CC1D-4179-925C-3B031DEBAECF}.Release|ARM.Deploy.0 = Release|iPhone
		{E79B8E60-CC1D-4179-925C-3B031DEBAECF}.Release|iPhone.ActiveCfg = Release|iPhone
		{E79B8E60-CC1D-4179-925C-3B031DEBAECF}.Release|iPhone.Build.0 = Release|iPhone
		{E79B8E60-CC1D-4179-925C-3B031DEBAECF}.Release|iPhone.Deploy.0 = Release|iPhone
		{E79B8E60-CC1D-4179-925C-3B031DEBAECF}.Release|iPhoneSimulator.ActiveCfg = Release|iPhoneSimulator
		{E79B8E60-CC1D-4179-925C-3B031DEBAECF}.Release|iPhoneSimulator.Build.0 = Release|iPhoneSimulator
		{E79B8E60-CC1D-4179-925C-3B031DEBAECF}.Release|iPhoneSimulator.Deploy.0 = Release|iPhoneSimulator
		{E79B8E60-CC1D-4179-925C-3B031DEBAECF}.Release|x64.ActiveCfg = Release|iPhone
		{E79B8E60-CC1D-4179-925C-3B031DEBAECF}.Release|x64.Build.0 = Release|iPhone
		{E79B8E60-CC1D-4179-925C-3B031DEBAECF}.Release|x64.Deploy.0 = Release|iPhone
		{E79B8E60-CC1D-4179-925C-3B031DEBAECF}.Release|x86.ActiveCfg = Release|iPhone
		{E79B8E60-CC1D-4179-925C-3B031DEBAECF}.Release|x86.Build.0 = Release|iPhone
		{E79B8E60-CC1D-4179-925C-3B031DEBAECF}.Release|x86.Deploy.0 = Release|iPhone
		{C1A0BF9B-2728-4D1C-BF12-AE1683E6B8D8}.Debug|Any CPU.ActiveCfg = Debug|Any CPU
		{C1A0BF9B-2728-4D1C-BF12-AE1683E6B8D8}.Debug|Any CPU.Build.0 = Debug|Any CPU
		{C1A0BF9B-2728-4D1C-BF12-AE1683E6B8D8}.Debug|Any CPU.Deploy.0 = Debug|Any CPU
		{C1A0BF9B-2728-4D1C-BF12-AE1683E6B8D8}.Debug|ARM.ActiveCfg = Debug|Any CPU
		{C1A0BF9B-2728-4D1C-BF12-AE1683E6B8D8}.Debug|ARM.Build.0 = Debug|Any CPU
		{C1A0BF9B-2728-4D1C-BF12-AE1683E6B8D8}.Debug|ARM.Deploy.0 = Debug|Any CPU
		{C1A0BF9B-2728-4D1C-BF12-AE1683E6B8D8}.Debug|iPhone.ActiveCfg = Debug|Any CPU
		{C1A0BF9B-2728-4D1C-BF12-AE1683E6B8D8}.Debug|iPhone.Build.0 = Debug|Any CPU
		{C1A0BF9B-2728-4D1C-BF12-AE1683E6B8D8}.Debug|iPhone.Deploy.0 = Debug|Any CPU
		{C1A0BF9B-2728-4D1C-BF12-AE1683E6B8D8}.Debug|iPhoneSimulator.ActiveCfg = Debug|Any CPU
		{C1A0BF9B-2728-4D1C-BF12-AE1683E6B8D8}.Debug|iPhoneSimulator.Build.0 = Debug|Any CPU
		{C1A0BF9B-2728-4D1C-BF12-AE1683E6B8D8}.Debug|iPhoneSimulator.Deploy.0 = Debug|Any CPU
		{C1A0BF9B-2728-4D1C-BF12-AE1683E6B8D8}.Debug|x64.ActiveCfg = Debug|Any CPU
		{C1A0BF9B-2728-4D1C-BF12-AE1683E6B8D8}.Debug|x64.Build.0 = Debug|Any CPU
		{C1A0BF9B-2728-4D1C-BF12-AE1683E6B8D8}.Debug|x64.Deploy.0 = Debug|Any CPU
		{C1A0BF9B-2728-4D1C-BF12-AE1683E6B8D8}.Debug|x86.ActiveCfg = Debug|Any CPU
		{C1A0BF9B-2728-4D1C-BF12-AE1683E6B8D8}.Debug|x86.Build.0 = Debug|Any CPU
		{C1A0BF9B-2728-4D1C-BF12-AE1683E6B8D8}.Debug|x86.Deploy.0 = Debug|Any CPU
		{C1A0BF9B-2728-4D1C-BF12-AE1683E6B8D8}.Release|Any CPU.ActiveCfg = Release|Any CPU
		{C1A0BF9B-2728-4D1C-BF12-AE1683E6B8D8}.Release|Any CPU.Build.0 = Release|Any CPU
		{C1A0BF9B-2728-4D1C-BF12-AE1683E6B8D8}.Release|Any CPU.Deploy.0 = Release|Any CPU
		{C1A0BF9B-2728-4D1C-BF12-AE1683E6B8D8}.Release|ARM.ActiveCfg = Release|Any CPU
		{C1A0BF9B-2728-4D1C-BF12-AE1683E6B8D8}.Release|ARM.Build.0 = Release|Any CPU
		{C1A0BF9B-2728-4D1C-BF12-AE1683E6B8D8}.Release|ARM.Deploy.0 = Release|Any CPU
		{C1A0BF9B-2728-4D1C-BF12-AE1683E6B8D8}.Release|iPhone.ActiveCfg = Release|Any CPU
		{C1A0BF9B-2728-4D1C-BF12-AE1683E6B8D8}.Release|iPhone.Build.0 = Release|Any CPU
		{C1A0BF9B-2728-4D1C-BF12-AE1683E6B8D8}.Release|iPhone.Deploy.0 = Release|Any CPU
		{C1A0BF9B-2728-4D1C-BF12-AE1683E6B8D8}.Release|iPhoneSimulator.ActiveCfg = Release|Any CPU
		{C1A0BF9B-2728-4D1C-BF12-AE1683E6B8D8}.Release|iPhoneSimulator.Build.0 = Release|Any CPU
		{C1A0BF9B-2728-4D1C-BF12-AE1683E6B8D8}.Release|iPhoneSimulator.Deploy.0 = Release|Any CPU
		{C1A0BF9B-2728-4D1C-BF12-AE1683E6B8D8}.Release|x64.ActiveCfg = Release|Any CPU
		{C1A0BF9B-2728-4D1C-BF12-AE1683E6B8D8}.Release|x64.Build.0 = Release|Any CPU
		{C1A0BF9B-2728-4D1C-BF12-AE1683E6B8D8}.Release|x64.Deploy.0 = Release|Any CPU
		{C1A0BF9B-2728-4D1C-BF12-AE1683E6B8D8}.Release|x86.ActiveCfg = Release|Any CPU
		{C1A0BF9B-2728-4D1C-BF12-AE1683E6B8D8}.Release|x86.Build.0 = Release|Any CPU
		{C1A0BF9B-2728-4D1C-BF12-AE1683E6B8D8}.Release|x86.Deploy.0 = Release|Any CPU
	EndGlobalSection
	GlobalSection(SolutionProperties) = preSolution
		HideSolutionNode = FALSE
	EndGlobalSection
	GlobalSection(ExtensibilityGlobals) = postSolution
		SolutionGuid = {4CDD414D-0607-410C-8F9D-3EB38E0CA03C}
	EndGlobalSection
EndGlobal
