
Microsoft Visual Studio Solution File, Format Version 12.00
# Visual Studio Version 16
VisualStudioVersion = 16.0.29609.76
MinimumVisualStudioVersion = 10.0.40219.1
Project("{FAE04EC0-301F-11D3-BF4B-00C04F79EFBC}") = "Estilos.UWP", "Estilos.UWP\Estilos.UWP.csproj", "{01CAC01B-0547-4B41-A4FF-71454D4F8EBC}"
EndProject
Project("{FAE04EC0-301F-11D3-BF4B-00C04F79EFBC}") = "Estilos.Android", "Estilos.Android\Estilos.Android.csproj", "{0DE51508-AD65-4AF5-9C87-3BE061AF8BBC}"
EndProject
Project("{FAE04EC0-301F-11D3-BF4B-00C04F79EFBC}") = "Estilos.iOS", "Estilos.iOS\Estilos.iOS.csproj", "{35EC051E-4095-4D31-8AD1-354744F7DD8A}"
EndProject
Project("{FAE04EC0-301F-11D3-BF4B-00C04F79EFBC}") = "Estilos", "Estilos\Estilos.csproj", "{38CBF3F7-50DB-413C-8141-85382217E86A}"
EndProject
Global
	GlobalSection(SolutionConfigurationPlatforms) = preSolution
		Debug|Any CPU = Debug|Any CPU
		Debug|ARM = Debug|ARM
		Debug|iPhone = Debug|iPhone
		Debug|iPhoneSimulator = Debug|iPhoneSimulator
		Debug|x64 = Debug|x64
		Debug|x86 = Debug|x86
		Release|Any CPU = Release|Any CPU
		Release|ARM = Release|ARM
		Release|iPhone = Release|iPhone
		Release|iPhoneSimulator = Release|iPhoneSimulator
		Release|x64 = Release|x64
		Release|x86 = Release|x86
	EndGlobalSection
	GlobalSection(ProjectConfigurationPlatforms) = postSolution
		{01CAC01B-0547-4B41-A4FF-71454D4F8EBC}.Debug|Any CPU.ActiveCfg = Debug|x86
		{01CAC01B-0547-4B41-A4FF-71454D4F8EBC}.Debug|Any CPU.Build.0 = Debug|x86
		{01CAC01B-0547-4B41-A4FF-71454D4F8EBC}.Debug|Any CPU.Deploy.0 = Debug|x86
		{01CAC01B-0547-4B41-A4FF-71454D4F8EBC}.Debug|ARM.ActiveCfg = Debug|ARM
		{01CAC01B-0547-4B41-A4FF-71454D4F8EBC}.Debug|ARM.Build.0 = Debug|ARM
		{01CAC01B-0547-4B41-A4FF-71454D4F8EBC}.Debug|ARM.Deploy.0 = Debug|ARM
		{01CAC01B-0547-4B41-A4FF-71454D4F8EBC}.Debug|iPhone.ActiveCfg = Debug|x86
		{01CAC01B-0547-4B41-A4FF-71454D4F8EBC}.Debug|iPhone.Build.0 = Debug|x86
		{01CAC01B-0547-4B41-A4FF-71454D4F8EBC}.Debug|iPhone.Deploy.0 = Debug|x86
		{01CAC01B-0547-4B41-A4FF-71454D4F8EBC}.Debug|iPhoneSimulator.ActiveCfg = Debug|x86
		{01CAC01B-0547-4B41-A4FF-71454D4F8EBC}.Debug|iPhoneSimulator.Build.0 = Debug|x86
		{01CAC01B-0547-4B41-A4FF-71454D4F8EBC}.Debug|iPhoneSimulator.Deploy.0 = Debug|x86
		{01CAC01B-0547-4B41-A4FF-71454D4F8EBC}.Debug|x64.ActiveCfg = Debug|x64
		{01CAC01B-0547-4B41-A4FF-71454D4F8EBC}.Debug|x64.Build.0 = Debug|x64
		{01CAC01B-0547-4B41-A4FF-71454D4F8EBC}.Debug|x64.Deploy.0 = Debug|x64
		{01CAC01B-0547-4B41-A4FF-71454D4F8EBC}.Debug|x86.ActiveCfg = Debug|x86
		{01CAC01B-0547-4B41-A4FF-71454D4F8EBC}.Debug|x86.Build.0 = Debug|x86
		{01CAC01B-0547-4B41-A4FF-71454D4F8EBC}.Debug|x86.Deploy.0 = Debug|x86
		{01CAC01B-0547-4B41-A4FF-71454D4F8EBC}.Release|Any CPU.ActiveCfg = Release|x86
		{01CAC01B-0547-4B41-A4FF-71454D4F8EBC}.Release|Any CPU.Build.0 = Release|x86
		{01CAC01B-0547-4B41-A4FF-71454D4F8EBC}.Release|Any CPU.Deploy.0 = Release|x86
		{01CAC01B-0547-4B41-A4FF-71454D4F8EBC}.Release|ARM.ActiveCfg = Release|ARM
		{01CAC01B-0547-4B41-A4FF-71454D4F8EBC}.Release|ARM.Build.0 = Release|ARM
		{01CAC01B-0547-4B41-A4FF-71454D4F8EBC}.Release|ARM.Deploy.0 = Release|ARM
		{01CAC01B-0547-4B41-A4FF-71454D4F8EBC}.Release|iPhone.ActiveCfg = Release|x86
		{01CAC01B-0547-4B41-A4FF-71454D4F8EBC}.Release|iPhone.Build.0 = Release|x86
		{01CAC01B-0547-4B41-A4FF-71454D4F8EBC}.Release|iPhone.Deploy.0 = Release|x86
		{01CAC01B-0547-4B41-A4FF-71454D4F8EBC}.Release|iPhoneSimulator.ActiveCfg = Release|x86
		{01CAC01B-0547-4B41-A4FF-71454D4F8EBC}.Release|iPhoneSimulator.Build.0 = Release|x86
		{01CAC01B-0547-4B41-A4FF-71454D4F8EBC}.Release|iPhoneSimulator.Deploy.0 = Release|x86
		{01CAC01B-0547-4B41-A4FF-71454D4F8EBC}.Release|x64.ActiveCfg = Release|x64
		{01CAC01B-0547-4B41-A4FF-71454D4F8EBC}.Release|x64.Build.0 = Release|x64
		{01CAC01B-0547-4B41-A4FF-71454D4F8EBC}.Release|x64.Deploy.0 = Release|x64
		{01CAC01B-0547-4B41-A4FF-71454D4F8EBC}.Release|x86.ActiveCfg = Release|x86
		{01CAC01B-0547-4B41-A4FF-71454D4F8EBC}.Release|x86.Build.0 = Release|x86
		{01CAC01B-0547-4B41-A4FF-71454D4F8EBC}.Release|x86.Deploy.0 = Release|x86
		{0DE51508-AD65-4AF5-9C87-3BE061AF8BBC}.Debug|Any CPU.ActiveCfg = Debug|Any CPU
		{0DE51508-AD65-4AF5-9C87-3BE061AF8BBC}.Debug|Any CPU.Build.0 = Debug|Any CPU
		{0DE51508-AD65-4AF5-9C87-3BE061AF8BBC}.Debug|Any CPU.Deploy.0 = Debug|Any CPU
		{0DE51508-AD65-4AF5-9C87-3BE061AF8BBC}.Debug|ARM.ActiveCfg = Debug|Any CPU
		{0DE51508-AD65-4AF5-9C87-3BE061AF8BBC}.Debug|ARM.Build.0 = Debug|Any CPU
		{0DE51508-AD65-4AF5-9C87-3BE061AF8BBC}.Debug|ARM.Deploy.0 = Debug|Any CPU
		{0DE51508-AD65-4AF5-9C87-3BE061AF8BBC}.Debug|iPhone.ActiveCfg = Debug|Any CPU
		{0DE51508-AD65-4AF5-9C87-3BE061AF8BBC}.Debug|iPhone.Build.0 = Debug|Any CPU
		{0DE51508-AD65-4AF5-9C87-3BE061AF8BBC}.Debug|iPhone.Deploy.0 = Debug|Any CPU
		{0DE51508-AD65-4AF5-9C87-3BE061AF8BBC}.Debug|iPhoneSimulator.ActiveCfg = Debug|Any CPU
		{0DE51508-AD65-4AF5-9C87-3BE061AF8BBC}.Debug|iPhoneSimulator.Build.0 = Debug|Any CPU
		{0DE51508-AD65-4AF5-9C87-3BE061AF8BBC}.Debug|iPhoneSimulator.Deploy.0 = Debug|Any CPU
		{0DE51508-AD65-4AF5-9C87-3BE061AF8BBC}.Debug|x64.ActiveCfg = Debug|Any CPU
		{0DE51508-AD65-4AF5-9C87-3BE061AF8BBC}.Debug|x64.Build.0 = Debug|Any CPU
		{0DE51508-AD65-4AF5-9C87-3BE061AF8BBC}.Debug|x64.Deploy.0 = Debug|Any CPU
		{0DE51508-AD65-4AF5-9C87-3BE061AF8BBC}.Debug|x86.ActiveCfg = Debug|Any CPU
		{0DE51508-AD65-4AF5-9C87-3BE061AF8BBC}.Debug|x86.Build.0 = Debug|Any CPU
		{0DE51508-AD65-4AF5-9C87-3BE061AF8BBC}.Debug|x86.Deploy.0 = Debug|Any CPU
		{0DE51508-AD65-4AF5-9C87-3BE061AF8BBC}.Release|Any CPU.ActiveCfg = Release|Any CPU
		{0DE51508-AD65-4AF5-9C87-3BE061AF8BBC}.Release|Any CPU.Build.0 = Release|Any CPU
		{0DE51508-AD65-4AF5-9C87-3BE061AF8BBC}.Release|Any CPU.Deploy.0 = Release|Any CPU
		{0DE51508-AD65-4AF5-9C87-3BE061AF8BBC}.Release|ARM.ActiveCfg = Release|Any CPU
		{0DE51508-AD65-4AF5-9C87-3BE061AF8BBC}.Release|ARM.Build.0 = Release|Any CPU
		{0DE51508-AD65-4AF5-9C87-3BE061AF8BBC}.Release|ARM.Deploy.0 = Release|Any CPU
		{0DE51508-AD65-4AF5-9C87-3BE061AF8BBC}.Release|iPhone.ActiveCfg = Release|Any CPU
		{0DE51508-AD65-4AF5-9C87-3BE061AF8BBC}.Release|iPhone.Build.0 = Release|Any CPU
		{0DE51508-AD65-4AF5-9C87-3BE061AF8BBC}.Release|iPhone.Deploy.0 = Release|Any CPU
		{0DE51508-AD65-4AF5-9C87-3BE061AF8BBC}.Release|iPhoneSimulator.ActiveCfg = Release|Any CPU
		{0DE51508-AD65-4AF5-9C87-3BE061AF8BBC}.Release|iPhoneSimulator.Build.0 = Release|Any CPU
		{0DE51508-AD65-4AF5-9C87-3BE061AF8BBC}.Release|iPhoneSimulator.Deploy.0 = Release|Any CPU
		{0DE51508-AD65-4AF5-9C87-3BE061AF8BBC}.Release|x64.ActiveCfg = Release|Any CPU
		{0DE51508-AD65-4AF5-9C87-3BE061AF8BBC}.Release|x64.Build.0 = Release|Any CPU
		{0DE51508-AD65-4AF5-9C87-3BE061AF8BBC}.Release|x64.Deploy.0 = Release|Any CPU
		{0DE51508-AD65-4AF5-9C87-3BE061AF8BBC}.Release|x86.ActiveCfg = Release|Any CPU
		{0DE51508-AD65-4AF5-9C87-3BE061AF8BBC}.Release|x86.Build.0 = Release|Any CPU
		{0DE51508-AD65-4AF5-9C87-3BE061AF8BBC}.Release|x86.Deploy.0 = Release|Any CPU
		{35EC051E-4095-4D31-8AD1-354744F7DD8A}.Debug|Any CPU.ActiveCfg = Debug|iPhone
		{35EC051E-4095-4D31-8AD1-354744F7DD8A}.Debug|Any CPU.Build.0 = Debug|iPhone
		{35EC051E-4095-4D31-8AD1-354744F7DD8A}.Debug|Any CPU.Deploy.0 = Debug|iPhone
		{35EC051E-4095-4D31-8AD1-354744F7DD8A}.Debug|ARM.ActiveCfg = Debug|iPhoneSimulator
		{35EC051E-4095-4D31-8AD1-354744F7DD8A}.Debug|ARM.Build.0 = Debug|iPhoneSimulator
		{35EC051E-4095-4D31-8AD1-354744F7DD8A}.Debug|ARM.Deploy.0 = Debug|iPhoneSimulator
		{35EC051E-4095-4D31-8AD1-354744F7DD8A}.Debug|iPhone.ActiveCfg = Debug|iPhone
		{35EC051E-4095-4D31-8AD1-354744F7DD8A}.Debug|iPhone.Build.0 = Debug|iPhone
		{35EC051E-4095-4D31-8AD1-354744F7DD8A}.Debug|iPhone.Deploy.0 = Debug|iPhone
		{35EC051E-4095-4D31-8AD1-354744F7DD8A}.Debug|iPhoneSimulator.ActiveCfg = Debug|iPhoneSimulator
		{35EC051E-4095-4D31-8AD1-354744F7DD8A}.Debug|iPhoneSimulator.Build.0 = Debug|iPhoneSimulator
		{35EC051E-4095-4D31-8AD1-354744F7DD8A}.Debug|iPhoneSimulator.Deploy.0 = Debug|iPhoneSimulator
		{35EC051E-4095-4D31-8AD1-354744F7DD8A}.Debug|x64.ActiveCfg = Debug|iPhone
		{35EC051E-4095-4D31-8AD1-354744F7DD8A}.Debug|x64.Build.0 = Debug|iPhone
		{35EC051E-4095-4D31-8AD1-354744F7DD8A}.Debug|x64.Deploy.0 = Debug|iPhone
		{35EC051E-4095-4D31-8AD1-354744F7DD8A}.Debug|x86.ActiveCfg = Debug|iPhone
		{35EC051E-4095-4D31-8AD1-354744F7DD8A}.Debug|x86.Build.0 = Debug|iPhone
		{35EC051E-4095-4D31-8AD1-354744F7DD8A}.Debug|x86.Deploy.0 = Debug|iPhone
		{35EC051E-4095-4D31-8AD1-354744F7DD8A}.Release|Any CPU.ActiveCfg = Release|iPhone
		{35EC051E-4095-4D31-8AD1-354744F7DD8A}.Release|Any CPU.Build.0 = Release|iPhone
		{35EC051E-4095-4D31-8AD1-354744F7DD8A}.Release|Any CPU.Deploy.0 = Release|iPhone
		{35EC051E-4095-4D31-8AD1-354744F7DD8A}.Release|ARM.ActiveCfg = Release|iPhone
		{35EC051E-4095-4D31-8AD1-354744F7DD8A}.Release|ARM.Build.0 = Release|iPhone
		{35EC051E-4095-4D31-8AD1-354744F7DD8A}.Release|ARM.Deploy.0 = Release|iPhone
		{35EC051E-4095-4D31-8AD1-354744F7DD8A}.Release|iPhone.ActiveCfg = Release|iPhone
		{35EC051E-4095-4D31-8AD1-354744F7DD8A}.Release|iPhone.Build.0 = Release|iPhone
		{35EC051E-4095-4D31-8AD1-354744F7DD8A}.Release|iPhone.Deploy.0 = Release|iPhone
		{35EC051E-4095-4D31-8AD1-354744F7DD8A}.Release|iPhoneSimulator.ActiveCfg = Release|iPhoneSimulator
		{35EC051E-4095-4D31-8AD1-354744F7DD8A}.Release|iPhoneSimulator.Build.0 = Release|iPhoneSimulator
		{35EC051E-4095-4D31-8AD1-354744F7DD8A}.Release|iPhoneSimulator.Deploy.0 = Release|iPhoneSimulator
		{35EC051E-4095-4D31-8AD1-354744F7DD8A}.Release|x64.ActiveCfg = Release|iPhone
		{35EC051E-4095-4D31-8AD1-354744F7DD8A}.Release|x64.Build.0 = Release|iPhone
		{35EC051E-4095-4D31-8AD1-354744F7DD8A}.Release|x64.Deploy.0 = Release|iPhone
		{35EC051E-4095-4D31-8AD1-354744F7DD8A}.Release|x86.ActiveCfg = Release|iPhone
		{35EC051E-4095-4D31-8AD1-354744F7DD8A}.Release|x86.Build.0 = Release|iPhone
		{35EC051E-4095-4D31-8AD1-354744F7DD8A}.Release|x86.Deploy.0 = Release|iPhone
		{38CBF3F7-50DB-413C-8141-85382217E86A}.Debug|Any CPU.ActiveCfg = Debug|Any CPU
		{38CBF3F7-50DB-413C-8141-85382217E86A}.Debug|Any CPU.Build.0 = Debug|Any CPU
		{38CBF3F7-50DB-413C-8141-85382217E86A}.Debug|Any CPU.Deploy.0 = Debug|Any CPU
		{38CBF3F7-50DB-413C-8141-85382217E86A}.Debug|ARM.ActiveCfg = Debug|Any CPU
		{38CBF3F7-50DB-413C-8141-85382217E86A}.Debug|ARM.Build.0 = Debug|Any CPU
		{38CBF3F7-50DB-413C-8141-85382217E86A}.Debug|ARM.Deploy.0 = Debug|Any CPU
		{38CBF3F7-50DB-413C-8141-85382217E86A}.Debug|iPhone.ActiveCfg = Debug|Any CPU
		{38CBF3F7-50DB-413C-8141-85382217E86A}.Debug|iPhone.Build.0 = Debug|Any CPU
		{38CBF3F7-50DB-413C-8141-85382217E86A}.Debug|iPhone.Deploy.0 = Debug|Any CPU
		{38CBF3F7-50DB-413C-8141-85382217E86A}.Debug|iPhoneSimulator.ActiveCfg = Debug|Any CPU
		{38CBF3F7-50DB-413C-8141-85382217E86A}.Debug|iPhoneSimulator.Build.0 = Debug|Any CPU
		{38CBF3F7-50DB-413C-8141-85382217E86A}.Debug|iPhoneSimulator.Deploy.0 = Debug|Any CPU
		{38CBF3F7-50DB-413C-8141-85382217E86A}.Debug|x64.ActiveCfg = Debug|Any CPU
		{38CBF3F7-50DB-413C-8141-85382217E86A}.Debug|x64.Build.0 = Debug|Any CPU
		{38CBF3F7-50DB-413C-8141-85382217E86A}.Debug|x64.Deploy.0 = Debug|Any CPU
		{38CBF3F7-50DB-413C-8141-85382217E86A}.Debug|x86.ActiveCfg = Debug|Any CPU
		{38CBF3F7-50DB-413C-8141-85382217E86A}.Debug|x86.Build.0 = Debug|Any CPU
		{38CBF3F7-50DB-413C-8141-85382217E86A}.Debug|x86.Deploy.0 = Debug|Any CPU
		{38CBF3F7-50DB-413C-8141-85382217E86A}.Release|Any CPU.ActiveCfg = Release|Any CPU
		{38CBF3F7-50DB-413C-8141-85382217E86A}.Release|Any CPU.Build.0 = Release|Any CPU
		{38CBF3F7-50DB-413C-8141-85382217E86A}.Release|Any CPU.Deploy.0 = Release|Any CPU
		{38CBF3F7-50DB-413C-8141-85382217E86A}.Release|ARM.ActiveCfg = Release|Any CPU
		{38CBF3F7-50DB-413C-8141-85382217E86A}.Release|ARM.Build.0 = Release|Any CPU
		{38CBF3F7-50DB-413C-8141-85382217E86A}.Release|ARM.Deploy.0 = Release|Any CPU
		{38CBF3F7-50DB-413C-8141-85382217E86A}.Release|iPhone.ActiveCfg = Release|Any CPU
		{38CBF3F7-50DB-413C-8141-85382217E86A}.Release|iPhone.Build.0 = Release|Any CPU
		{38CBF3F7-50DB-413C-8141-85382217E86A}.Release|iPhone.Deploy.0 = Release|Any CPU
		{38CBF3F7-50DB-413C-8141-85382217E86A}.Release|iPhoneSimulator.ActiveCfg = Release|Any CPU
		{38CBF3F7-50DB-413C-8141-85382217E86A}.Release|iPhoneSimulator.Build.0 = Release|Any CPU
		{38CBF3F7-50DB-413C-8141-85382217E86A}.Release|iPhoneSimulator.Deploy.0 = Release|Any CPU
		{38CBF3F7-50DB-413C-8141-85382217E86A}.Release|x64.ActiveCfg = Release|Any CPU
		{38CBF3F7-50DB-413C-8141-85382217E86A}.Release|x64.Build.0 = Release|Any CPU
		{38CBF3F7-50DB-413C-8141-85382217E86A}.Release|x64.Deploy.0 = Release|Any CPU
		{38CBF3F7-50DB-413C-8141-85382217E86A}.Release|x86.ActiveCfg = Release|Any CPU
		{38CBF3F7-50DB-413C-8141-85382217E86A}.Release|x86.Build.0 = Release|Any CPU
		{38CBF3F7-50DB-413C-8141-85382217E86A}.Release|x86.Deploy.0 = Release|Any CPU
	EndGlobalSection
	GlobalSection(SolutionProperties) = preSolution
		HideSolutionNode = FALSE
	EndGlobalSection
	GlobalSection(ExtensibilityGlobals) = postSolution
		SolutionGuid = {4FD18D28-4726-4A91-B3F9-295D836741BA}
	EndGlobalSection
EndGlobal
