
Microsoft Visual Studio Solution File, Format Version 12.00
# Visual Studio Version 16
VisualStudioVersion = 16.0.29609.76
MinimumVisualStudioVersion = 10.0.40219.1
Project("{FAE04EC0-301F-11D3-BF4B-00C04F79EFBC}") = "App1.UWP", "App1.UWP\App1.UWP.csproj", "{5162111F-3DAD-4B71-9BDD-37B0E0A6ADB8}"
EndProject
Project("{FAE04EC0-301F-11D3-BF4B-00C04F79EFBC}") = "App1.Android", "App1.Android\App1.Android.csproj", "{328C0A40-06D2-44D9-AF65-F286E7711135}"
EndProject
Project("{FAE04EC0-301F-11D3-BF4B-00C04F79EFBC}") = "App1.iOS", "App1.iOS\App1.iOS.csproj", "{C56112FC-17CC-4110-8D8A-3B47E416E1E3}"
EndProject
Project("{FAE04EC0-301F-11D3-BF4B-00C04F79EFBC}") = "App1", "App1\App1.csproj", "{A188D2E4-3CEE-4B96-B6E5-1D6EACB573D0}"
EndProject
Global
	GlobalSection(SolutionConfigurationPlatforms) = preSolution
		Debug|Any CPU = Debug|Any CPU
		Debug|ARM = Debug|ARM
		Debug|iPhone = Debug|iPhone
		Debug|iPhoneSimulator = Debug|iPhoneSimulator
		Debug|x64 = Debug|x64
		Debug|x86 = Debug|x86
		Release|Any CPU = Release|Any CPU
		Release|ARM = Release|ARM
		Release|iPhone = Release|iPhone
		Release|iPhoneSimulator = Release|iPhoneSimulator
		Release|x64 = Release|x64
		Release|x86 = Release|x86
	EndGlobalSection
	GlobalSection(ProjectConfigurationPlatforms) = postSolution
		{5162111F-3DAD-4B71-9BDD-37B0E0A6ADB8}.Debug|Any CPU.ActiveCfg = Debug|x86
		{5162111F-3DAD-4B71-9BDD-37B0E0A6ADB8}.Debug|Any CPU.Build.0 = Debug|x86
		{5162111F-3DAD-4B71-9BDD-37B0E0A6ADB8}.Debug|Any CPU.Deploy.0 = Debug|x86
		{5162111F-3DAD-4B71-9BDD-37B0E0A6ADB8}.Debug|ARM.ActiveCfg = Debug|ARM
		{5162111F-3DAD-4B71-9BDD-37B0E0A6ADB8}.Debug|ARM.Build.0 = Debug|ARM
		{5162111F-3DAD-4B71-9BDD-37B0E0A6ADB8}.Debug|ARM.Deploy.0 = Debug|ARM
		{5162111F-3DAD-4B71-9BDD-37B0E0A6ADB8}.Debug|iPhone.ActiveCfg = Debug|x86
		{5162111F-3DAD-4B71-9BDD-37B0E0A6ADB8}.Debug|iPhone.Build.0 = Debug|x86
		{5162111F-3DAD-4B71-9BDD-37B0E0A6ADB8}.Debug|iPhone.Deploy.0 = Debug|x86
		{5162111F-3DAD-4B71-9BDD-37B0E0A6ADB8}.Debug|iPhoneSimulator.ActiveCfg = Debug|x86
		{5162111F-3DAD-4B71-9BDD-37B0E0A6ADB8}.Debug|iPhoneSimulator.Build.0 = Debug|x86
		{5162111F-3DAD-4B71-9BDD-37B0E0A6ADB8}.Debug|iPhoneSimulator.Deploy.0 = Debug|x86
		{5162111F-3DAD-4B71-9BDD-37B0E0A6ADB8}.Debug|x64.ActiveCfg = Debug|x64
		{5162111F-3DAD-4B71-9BDD-37B0E0A6ADB8}.Debug|x64.Build.0 = Debug|x64
		{5162111F-3DAD-4B71-9BDD-37B0E0A6ADB8}.Debug|x64.Deploy.0 = Debug|x64
		{5162111F-3DAD-4B71-9BDD-37B0E0A6ADB8}.Debug|x86.ActiveCfg = Debug|x86
		{5162111F-3DAD-4B71-9BDD-37B0E0A6ADB8}.Debug|x86.Build.0 = Debug|x86
		{5162111F-3DAD-4B71-9BDD-37B0E0A6ADB8}.Debug|x86.Deploy.0 = Debug|x86
		{5162111F-3DAD-4B71-9BDD-37B0E0A6ADB8}.Release|Any CPU.ActiveCfg = Release|x86
		{5162111F-3DAD-4B71-9BDD-37B0E0A6ADB8}.Release|Any CPU.Build.0 = Release|x86
		{5162111F-3DAD-4B71-9BDD-37B0E0A6ADB8}.Release|Any CPU.Deploy.0 = Release|x86
		{5162111F-3DAD-4B71-9BDD-37B0E0A6ADB8}.Release|ARM.ActiveCfg = Release|ARM
		{5162111F-3DAD-4B71-9BDD-37B0E0A6ADB8}.Release|ARM.Build.0 = Release|ARM
		{5162111F-3DAD-4B71-9BDD-37B0E0A6ADB8}.Release|ARM.Deploy.0 = Release|ARM
		{5162111F-3DAD-4B71-9BDD-37B0E0A6ADB8}.Release|iPhone.ActiveCfg = Release|x86
		{5162111F-3DAD-4B71-9BDD-37B0E0A6ADB8}.Release|iPhone.Build.0 = Release|x86
		{5162111F-3DAD-4B71-9BDD-37B0E0A6ADB8}.Release|iPhone.Deploy.0 = Release|x86
		{5162111F-3DAD-4B71-9BDD-37B0E0A6ADB8}.Release|iPhoneSimulator.ActiveCfg = Release|x86
		{5162111F-3DAD-4B71-9BDD-37B0E0A6ADB8}.Release|iPhoneSimulator.Build.0 = Release|x86
		{5162111F-3DAD-4B71-9BDD-37B0E0A6ADB8}.Release|iPhoneSimulator.Deploy.0 = Release|x86
		{5162111F-3DAD-4B71-9BDD-37B0E0A6ADB8}.Release|x64.ActiveCfg = Release|x64
		{5162111F-3DAD-4B71-9BDD-37B0E0A6ADB8}.Release|x64.Build.0 = Release|x64
		{5162111F-3DAD-4B71-9BDD-37B0E0A6ADB8}.Release|x64.Deploy.0 = Release|x64
		{5162111F-3DAD-4B71-9BDD-37B0E0A6ADB8}.Release|x86.ActiveCfg = Release|x86
		{5162111F-3DAD-4B71-9BDD-37B0E0A6ADB8}.Release|x86.Build.0 = Release|x86
		{5162111F-3DAD-4B71-9BDD-37B0E0A6ADB8}.Release|x86.Deploy.0 = Release|x86
		{328C0A40-06D2-44D9-AF65-F286E7711135}.Debug|Any CPU.ActiveCfg = Debug|Any CPU
		{328C0A40-06D2-44D9-AF65-F286E7711135}.Debug|Any CPU.Build.0 = Debug|Any CPU
		{328C0A40-06D2-44D9-AF65-F286E7711135}.Debug|Any CPU.Deploy.0 = Debug|Any CPU
		{328C0A40-06D2-44D9-AF65-F286E7711135}.Debug|ARM.ActiveCfg = Debug|Any CPU
		{328C0A40-06D2-44D9-AF65-F286E7711135}.Debug|ARM.Build.0 = Debug|Any CPU
		{328C0A40-06D2-44D9-AF65-F286E7711135}.Debug|ARM.Deploy.0 = Debug|Any CPU
		{328C0A40-06D2-44D9-AF65-F286E7711135}.Debug|iPhone.ActiveCfg = Debug|Any CPU
		{328C0A40-06D2-44D9-AF65-F286E7711135}.Debug|iPhone.Build.0 = Debug|Any CPU
		{328C0A40-06D2-44D9-AF65-F286E7711135}.Debug|iPhone.Deploy.0 = Debug|Any CPU
		{328C0A40-06D2-44D9-AF65-F286E7711135}.Debug|iPhoneSimulator.ActiveCfg = Debug|Any CPU
		{328C0A40-06D2-44D9-AF65-F286E7711135}.Debug|iPhoneSimulator.Build.0 = Debug|Any CPU
		{328C0A40-06D2-44D9-AF65-F286E7711135}.Debug|iPhoneSimulator.Deploy.0 = Debug|Any CPU
		{328C0A40-06D2-44D9-AF65-F286E7711135}.Debug|x64.ActiveCfg = Debug|Any CPU
		{328C0A40-06D2-44D9-AF65-F286E7711135}.Debug|x64.Build.0 = Debug|Any CPU
		{328C0A40-06D2-44D9-AF65-F286E7711135}.Debug|x64.Deploy.0 = Debug|Any CPU
		{328C0A40-06D2-44D9-AF65-F286E7711135}.Debug|x86.ActiveCfg = Debug|Any CPU
		{328C0A40-06D2-44D9-AF65-F286E7711135}.Debug|x86.Build.0 = Debug|Any CPU
		{328C0A40-06D2-44D9-AF65-F286E7711135}.Debug|x86.Deploy.0 = Debug|Any CPU
		{328C0A40-06D2-44D9-AF65-F286E7711135}.Release|Any CPU.ActiveCfg = Release|Any CPU
		{328C0A40-06D2-44D9-AF65-F286E7711135}.Release|Any CPU.Build.0 = Release|Any CPU
		{328C0A40-06D2-44D9-AF65-F286E7711135}.Release|Any CPU.Deploy.0 = Release|Any CPU
		{328C0A40-06D2-44D9-AF65-F286E7711135}.Release|ARM.ActiveCfg = Release|Any CPU
		{328C0A40-06D2-44D9-AF65-F286E7711135}.Release|ARM.Build.0 = Release|Any CPU
		{328C0A40-06D2-44D9-AF65-F286E7711135}.Release|ARM.Deploy.0 = Release|Any CPU
		{328C0A40-06D2-44D9-AF65-F286E7711135}.Release|iPhone.ActiveCfg = Release|Any CPU
		{328C0A40-06D2-44D9-AF65-F286E7711135}.Release|iPhone.Build.0 = Release|Any CPU
		{328C0A40-06D2-44D9-AF65-F286E7711135}.Release|iPhone.Deploy.0 = Release|Any CPU
		{328C0A40-06D2-44D9-AF65-F286E7711135}.Release|iPhoneSimulator.ActiveCfg = Release|Any CPU
		{328C0A40-06D2-44D9-AF65-F286E7711135}.Release|iPhoneSimulator.Build.0 = Release|Any CPU
		{328C0A40-06D2-44D9-AF65-F286E7711135}.Release|iPhoneSimulator.Deploy.0 = Release|Any CPU
		{328C0A40-06D2-44D9-AF65-F286E7711135}.Release|x64.ActiveCfg = Release|Any CPU
		{328C0A40-06D2-44D9-AF65-F286E7711135}.Release|x64.Build.0 = Release|Any CPU
		{328C0A40-06D2-44D9-AF65-F286E7711135}.Release|x64.Deploy.0 = Release|Any CPU
		{328C0A40-06D2-44D9-AF65-F286E7711135}.Release|x86.ActiveCfg = Release|Any CPU
		{328C0A40-06D2-44D9-AF65-F286E7711135}.Release|x86.Build.0 = Release|Any CPU
		{328C0A40-06D2-44D9-AF65-F286E7711135}.Release|x86.Deploy.0 = Release|Any CPU
		{C56112FC-17CC-4110-8D8A-3B47E416E1E3}.Debug|Any CPU.ActiveCfg = Debug|iPhone
		{C56112FC-17CC-4110-8D8A-3B47E416E1E3}.Debug|Any CPU.Build.0 = Debug|iPhone
		{C56112FC-17CC-4110-8D8A-3B47E416E1E3}.Debug|Any CPU.Deploy.0 = Debug|iPhone
		{C56112FC-17CC-4110-8D8A-3B47E416E1E3}.Debug|ARM.ActiveCfg = Debug|iPhoneSimulator
		{C56112FC-17CC-4110-8D8A-3B47E416E1E3}.Debug|ARM.Build.0 = Debug|iPhoneSimulator
		{C56112FC-17CC-4110-8D8A-3B47E416E1E3}.Debug|ARM.Deploy.0 = Debug|iPhoneSimulator
		{C56112FC-17CC-4110-8D8A-3B47E416E1E3}.Debug|iPhone.ActiveCfg = Debug|iPhone
		{C56112FC-17CC-4110-8D8A-3B47E416E1E3}.Debug|iPhone.Build.0 = Debug|iPhone
		{C56112FC-17CC-4110-8D8A-3B47E416E1E3}.Debug|iPhone.Deploy.0 = Debug|iPhone
		{C56112FC-17CC-4110-8D8A-3B47E416E1E3}.Debug|iPhoneSimulator.ActiveCfg = Debug|iPhoneSimulator
		{C56112FC-17CC-4110-8D8A-3B47E416E1E3}.Debug|iPhoneSimulator.Build.0 = Debug|iPhoneSimulator
		{C56112FC-17CC-4110-8D8A-3B47E416E1E3}.Debug|iPhoneSimulator.Deploy.0 = Debug|iPhoneSimulator
		{C56112FC-17CC-4110-8D8A-3B47E416E1E3}.Debug|x64.ActiveCfg = Debug|iPhone
		{C56112FC-17CC-4110-8D8A-3B47E416E1E3}.Debug|x64.Build.0 = Debug|iPhone
		{C56112FC-17CC-4110-8D8A-3B47E416E1E3}.Debug|x64.Deploy.0 = Debug|iPhone
		{C56112FC-17CC-4110-8D8A-3B47E416E1E3}.Debug|x86.ActiveCfg = Debug|iPhone
		{C56112FC-17CC-4110-8D8A-3B47E416E1E3}.Debug|x86.Build.0 = Debug|iPhone
		{C56112FC-17CC-4110-8D8A-3B47E416E1E3}.Debug|x86.Deploy.0 = Debug|iPhone
		{C56112FC-17CC-4110-8D8A-3B47E416E1E3}.Release|Any CPU.ActiveCfg = Release|iPhone
		{C56112FC-17CC-4110-8D8A-3B47E416E1E3}.Release|Any CPU.Build.0 = Release|iPhone
		{C56112FC-17CC-4110-8D8A-3B47E416E1E3}.Release|Any CPU.Deploy.0 = Release|iPhone
		{C56112FC-17CC-4110-8D8A-3B47E416E1E3}.Release|ARM.ActiveCfg = Release|iPhone
		{C56112FC-17CC-4110-8D8A-3B47E416E1E3}.Release|ARM.Build.0 = Release|iPhone
		{C56112FC-17CC-4110-8D8A-3B47E416E1E3}.Release|ARM.Deploy.0 = Release|iPhone
		{C56112FC-17CC-4110-8D8A-3B47E416E1E3}.Release|iPhone.ActiveCfg = Release|iPhone
		{C56112FC-17CC-4110-8D8A-3B47E416E1E3}.Release|iPhone.Build.0 = Release|iPhone
		{C56112FC-17CC-4110-8D8A-3B47E416E1E3}.Release|iPhone.Deploy.0 = Release|iPhone
		{C56112FC-17CC-4110-8D8A-3B47E416E1E3}.Release|iPhoneSimulator.ActiveCfg = Release|iPhoneSimulator
		{C56112FC-17CC-4110-8D8A-3B47E416E1E3}.Release|iPhoneSimulator.Build.0 = Release|iPhoneSimulator
		{C56112FC-17CC-4110-8D8A-3B47E416E1E3}.Release|iPhoneSimulator.Deploy.0 = Release|iPhoneSimulator
		{C56112FC-17CC-4110-8D8A-3B47E416E1E3}.Release|x64.ActiveCfg = Release|iPhone
		{C56112FC-17CC-4110-8D8A-3B47E416E1E3}.Release|x64.Build.0 = Release|iPhone
		{C56112FC-17CC-4110-8D8A-3B47E416E1E3}.Release|x64.Deploy.0 = Release|iPhone
		{C56112FC-17CC-4110-8D8A-3B47E416E1E3}.Release|x86.ActiveCfg = Release|iPhone
		{C56112FC-17CC-4110-8D8A-3B47E416E1E3}.Release|x86.Build.0 = Release|iPhone
		{C56112FC-17CC-4110-8D8A-3B47E416E1E3}.Release|x86.Deploy.0 = Release|iPhone
		{A188D2E4-3CEE-4B96-B6E5-1D6EACB573D0}.Debug|Any CPU.ActiveCfg = Debug|Any CPU
		{A188D2E4-3CEE-4B96-B6E5-1D6EACB573D0}.Debug|Any CPU.Build.0 = Debug|Any CPU
		{A188D2E4-3CEE-4B96-B6E5-1D6EACB573D0}.Debug|Any CPU.Deploy.0 = Debug|Any CPU
		{A188D2E4-3CEE-4B96-B6E5-1D6EACB573D0}.Debug|ARM.ActiveCfg = Debug|Any CPU
		{A188D2E4-3CEE-4B96-B6E5-1D6EACB573D0}.Debug|ARM.Build.0 = Debug|Any CPU
		{A188D2E4-3CEE-4B96-B6E5-1D6EACB573D0}.Debug|ARM.Deploy.0 = Debug|Any CPU
		{A188D2E4-3CEE-4B96-B6E5-1D6EACB573D0}.Debug|iPhone.ActiveCfg = Debug|Any CPU
		{A188D2E4-3CEE-4B96-B6E5-1D6EACB573D0}.Debug|iPhone.Build.0 = Debug|Any CPU
		{A188D2E4-3CEE-4B96-B6E5-1D6EACB573D0}.Debug|iPhone.Deploy.0 = Debug|Any CPU
		{A188D2E4-3CEE-4B96-B6E5-1D6EACB573D0}.Debug|iPhoneSimulator.ActiveCfg = Debug|Any CPU
		{A188D2E4-3CEE-4B96-B6E5-1D6EACB573D0}.Debug|iPhoneSimulator.Build.0 = Debug|Any CPU
		{A188D2E4-3CEE-4B96-B6E5-1D6EACB573D0}.Debug|iPhoneSimulator.Deploy.0 = Debug|Any CPU
		{A188D2E4-3CEE-4B96-B6E5-1D6EACB573D0}.Debug|x64.ActiveCfg = Debug|Any CPU
		{A188D2E4-3CEE-4B96-B6E5-1D6EACB573D0}.Debug|x64.Build.0 = Debug|Any CPU
		{A188D2E4-3CEE-4B96-B6E5-1D6EACB573D0}.Debug|x64.Deploy.0 = Debug|Any CPU
		{A188D2E4-3CEE-4B96-B6E5-1D6EACB573D0}.Debug|x86.ActiveCfg = Debug|Any CPU
		{A188D2E4-3CEE-4B96-B6E5-1D6EACB573D0}.Debug|x86.Build.0 = Debug|Any CPU
		{A188D2E4-3CEE-4B96-B6E5-1D6EACB573D0}.Debug|x86.Deploy.0 = Debug|Any CPU
		{A188D2E4-3CEE-4B96-B6E5-1D6EACB573D0}.Release|Any CPU.ActiveCfg = Release|Any CPU
		{A188D2E4-3CEE-4B96-B6E5-1D6EACB573D0}.Release|Any CPU.Build.0 = Release|Any CPU
		{A188D2E4-3CEE-4B96-B6E5-1D6EACB573D0}.Release|Any CPU.Deploy.0 = Release|Any CPU
		{A188D2E4-3CEE-4B96-B6E5-1D6EACB573D0}.Release|ARM.ActiveCfg = Release|Any CPU
		{A188D2E4-3CEE-4B96-B6E5-1D6EACB573D0}.Release|ARM.Build.0 = Release|Any CPU
		{A188D2E4-3CEE-4B96-B6E5-1D6EACB573D0}.Release|ARM.Deploy.0 = Release|Any CPU
		{A188D2E4-3CEE-4B96-B6E5-1D6EACB573D0}.Release|iPhone.ActiveCfg = Release|Any CPU
		{A188D2E4-3CEE-4B96-B6E5-1D6EACB573D0}.Release|iPhone.Build.0 = Release|Any CPU
		{A188D2E4-3CEE-4B96-B6E5-1D6EACB573D0}.Release|iPhone.Deploy.0 = Release|Any CPU
		{A188D2E4-3CEE-4B96-B6E5-1D6EACB573D0}.Release|iPhoneSimulator.ActiveCfg = Release|Any CPU
		{A188D2E4-3CEE-4B96-B6E5-1D6EACB573D0}.Release|iPhoneSimulator.Build.0 = Release|Any CPU
		{A188D2E4-3CEE-4B96-B6E5-1D6EACB573D0}.Release|iPhoneSimulator.Deploy.0 = Release|Any CPU
		{A188D2E4-3CEE-4B96-B6E5-1D6EACB573D0}.Release|x64.ActiveCfg = Release|Any CPU
		{A188D2E4-3CEE-4B96-B6E5-1D6EACB573D0}.Release|x64.Build.0 = Release|Any CPU
		{A188D2E4-3CEE-4B96-B6E5-1D6EACB573D0}.Release|x64.Deploy.0 = Release|Any CPU
		{A188D2E4-3CEE-4B96-B6E5-1D6EACB573D0}.Release|x86.ActiveCfg = Release|Any CPU
		{A188D2E4-3CEE-4B96-B6E5-1D6EACB573D0}.Release|x86.Build.0 = Release|Any CPU
		{A188D2E4-3CEE-4B96-B6E5-1D6EACB573D0}.Release|x86.Deploy.0 = Release|Any CPU
	EndGlobalSection
	GlobalSection(SolutionProperties) = preSolution
		HideSolutionNode = FALSE
	EndGlobalSection
	GlobalSection(ExtensibilityGlobals) = postSolution
		SolutionGuid = {CEA1C2E5-CC2A-4298-B60D-80A89BFE3D86}
	EndGlobalSection
EndGlobal
