
Microsoft Visual Studio Solution File, Format Version 12.00
# Visual Studio Version 16
VisualStudioVersion = 16.0.29609.76
MinimumVisualStudioVersion = 10.0.40219.1
Project("{FAE04EC0-301F-11D3-BF4B-00C04F79EFBC}") = "TransformacionesAnimaciones.UWP", "TransformacionesAnimaciones.UWP\TransformacionesAnimaciones.UWP.csproj", "{B33C30F8-A97E-4C74-932E-028AB38DA3A6}"
EndProject
Project("{FAE04EC0-301F-11D3-BF4B-00C04F79EFBC}") = "TransformacionesAnimaciones.Android", "TransformacionesAnimaciones.Android\TransformacionesAnimaciones.Android.csproj", "{DD9778B3-1979-4644-88C7-CA8330F2FEC0}"
EndProject
Project("{FAE04EC0-301F-11D3-BF4B-00C04F79EFBC}") = "TransformacionesAnimaciones.iOS", "TransformacionesAnimaciones.iOS\TransformacionesAnimaciones.iOS.csproj", "{26984DDD-E523-4E5C-BBDA-F7FA78F92C75}"
EndProject
Project("{FAE04EC0-301F-11D3-BF4B-00C04F79EFBC}") = "TransformacionesAnimaciones", "TransformacionesAnimaciones\TransformacionesAnimaciones.csproj", "{FB4E8F7C-0EFE-45CF-BDF5-F4F3D1CE57C6}"
EndProject
Global
	GlobalSection(SolutionConfigurationPlatforms) = preSolution
		Debug|Any CPU = Debug|Any CPU
		Debug|ARM = Debug|ARM
		Debug|iPhone = Debug|iPhone
		Debug|iPhoneSimulator = Debug|iPhoneSimulator
		Debug|x64 = Debug|x64
		Debug|x86 = Debug|x86
		Release|Any CPU = Release|Any CPU
		Release|ARM = Release|ARM
		Release|iPhone = Release|iPhone
		Release|iPhoneSimulator = Release|iPhoneSimulator
		Release|x64 = Release|x64
		Release|x86 = Release|x86
	EndGlobalSection
	GlobalSection(ProjectConfigurationPlatforms) = postSolution
		{B33C30F8-A97E-4C74-932E-028AB38DA3A6}.Debug|Any CPU.ActiveCfg = Debug|x86
		{B33C30F8-A97E-4C74-932E-028AB38DA3A6}.Debug|Any CPU.Build.0 = Debug|x86
		{B33C30F8-A97E-4C74-932E-028AB38DA3A6}.Debug|Any CPU.Deploy.0 = Debug|x86
		{B33C30F8-A97E-4C74-932E-028AB38DA3A6}.Debug|ARM.ActiveCfg = Debug|ARM
		{B33C30F8-A97E-4C74-932E-028AB38DA3A6}.Debug|ARM.Build.0 = Debug|ARM
		{B33C30F8-A97E-4C74-932E-028AB38DA3A6}.Debug|ARM.Deploy.0 = Debug|ARM
		{B33C30F8-A97E-4C74-932E-028AB38DA3A6}.Debug|iPhone.ActiveCfg = Debug|x86
		{B33C30F8-A97E-4C74-932E-028AB38DA3A6}.Debug|iPhone.Build.0 = Debug|x86
		{B33C30F8-A97E-4C74-932E-028AB38DA3A6}.Debug|iPhone.Deploy.0 = Debug|x86
		{B33C30F8-A97E-4C74-932E-028AB38DA3A6}.Debug|iPhoneSimulator.ActiveCfg = Debug|x86
		{B33C30F8-A97E-4C74-932E-028AB38DA3A6}.Debug|iPhoneSimulator.Build.0 = Debug|x86
		{B33C30F8-A97E-4C74-932E-028AB38DA3A6}.Debug|iPhoneSimulator.Deploy.0 = Debug|x86
		{B33C30F8-A97E-4C74-932E-028AB38DA3A6}.Debug|x64.ActiveCfg = Debug|x64
		{B33C30F8-A97E-4C74-932E-028AB38DA3A6}.Debug|x64.Build.0 = Debug|x64
		{B33C30F8-A97E-4C74-932E-028AB38DA3A6}.Debug|x64.Deploy.0 = Debug|x64
		{B33C30F8-A97E-4C74-932E-028AB38DA3A6}.Debug|x86.ActiveCfg = Debug|x86
		{B33C30F8-A97E-4C74-932E-028AB38DA3A6}.Debug|x86.Build.0 = Debug|x86
		{B33C30F8-A97E-4C74-932E-028AB38DA3A6}.Debug|x86.Deploy.0 = Debug|x86
		{B33C30F8-A97E-4C74-932E-028AB38DA3A6}.Release|Any CPU.ActiveCfg = Release|x86
		{B33C30F8-A97E-4C74-932E-028AB38DA3A6}.Release|Any CPU.Build.0 = Release|x86
		{B33C30F8-A97E-4C74-932E-028AB38DA3A6}.Release|Any CPU.Deploy.0 = Release|x86
		{B33C30F8-A97E-4C74-932E-028AB38DA3A6}.Release|ARM.ActiveCfg = Release|ARM
		{B33C30F8-A97E-4C74-932E-028AB38DA3A6}.Release|ARM.Build.0 = Release|ARM
		{B33C30F8-A97E-4C74-932E-028AB38DA3A6}.Release|ARM.Deploy.0 = Release|ARM
		{B33C30F8-A97E-4C74-932E-028AB38DA3A6}.Release|iPhone.ActiveCfg = Release|x86
		{B33C30F8-A97E-4C74-932E-028AB38DA3A6}.Release|iPhone.Build.0 = Release|x86
		{B33C30F8-A97E-4C74-932E-028AB38DA3A6}.Release|iPhone.Deploy.0 = Release|x86
		{B33C30F8-A97E-4C74-932E-028AB38DA3A6}.Release|iPhoneSimulator.ActiveCfg = Release|x86
		{B33C30F8-A97E-4C74-932E-028AB38DA3A6}.Release|iPhoneSimulator.Build.0 = Release|x86
		{B33C30F8-A97E-4C74-932E-028AB38DA3A6}.Release|iPhoneSimulator.Deploy.0 = Release|x86
		{B33C30F8-A97E-4C74-932E-028AB38DA3A6}.Release|x64.ActiveCfg = Release|x64
		{B33C30F8-A97E-4C74-932E-028AB38DA3A6}.Release|x64.Build.0 = Release|x64
		{B33C30F8-A97E-4C74-932E-028AB38DA3A6}.Release|x64.Deploy.0 = Release|x64
		{B33C30F8-A97E-4C74-932E-028AB38DA3A6}.Release|x86.ActiveCfg = Release|x86
		{B33C30F8-A97E-4C74-932E-028AB38DA3A6}.Release|x86.Build.0 = Release|x86
		{B33C30F8-A97E-4C74-932E-028AB38DA3A6}.Release|x86.Deploy.0 = Release|x86
		{DD9778B3-1979-4644-88C7-CA8330F2FEC0}.Debug|Any CPU.ActiveCfg = Debug|Any CPU
		{DD9778B3-1979-4644-88C7-CA8330F2FEC0}.Debug|Any CPU.Build.0 = Debug|Any CPU
		{DD9778B3-1979-4644-88C7-CA8330F2FEC0}.Debug|Any CPU.Deploy.0 = Debug|Any CPU
		{DD9778B3-1979-4644-88C7-CA8330F2FEC0}.Debug|ARM.ActiveCfg = Debug|Any CPU
		{DD9778B3-1979-4644-88C7-CA8330F2FEC0}.Debug|ARM.Build.0 = Debug|Any CPU
		{DD9778B3-1979-4644-88C7-CA8330F2FEC0}.Debug|ARM.Deploy.0 = Debug|Any CPU
		{DD9778B3-1979-4644-88C7-CA8330F2FEC0}.Debug|iPhone.ActiveCfg = Debug|Any CPU
		{DD9778B3-1979-4644-88C7-CA8330F2FEC0}.Debug|iPhone.Build.0 = Debug|Any CPU
		{DD9778B3-1979-4644-88C7-CA8330F2FEC0}.Debug|iPhone.Deploy.0 = Debug|Any CPU
		{DD9778B3-1979-4644-88C7-CA8330F2FEC0}.Debug|iPhoneSimulator.ActiveCfg = Debug|Any CPU
		{DD9778B3-1979-4644-88C7-CA8330F2FEC0}.Debug|iPhoneSimulator.Build.0 = Debug|Any CPU
		{DD9778B3-1979-4644-88C7-CA8330F2FEC0}.Debug|iPhoneSimulator.Deploy.0 = Debug|Any CPU
		{DD9778B3-1979-4644-88C7-CA8330F2FEC0}.Debug|x64.ActiveCfg = Debug|Any CPU
		{DD9778B3-1979-4644-88C7-CA8330F2FEC0}.Debug|x64.Build.0 = Debug|Any CPU
		{DD9778B3-1979-4644-88C7-CA8330F2FEC0}.Debug|x64.Deploy.0 = Debug|Any CPU
		{DD9778B3-1979-4644-88C7-CA8330F2FEC0}.Debug|x86.ActiveCfg = Debug|Any CPU
		{DD9778B3-1979-4644-88C7-CA8330F2FEC0}.Debug|x86.Build.0 = Debug|Any CPU
		{DD9778B3-1979-4644-88C7-CA8330F2FEC0}.Debug|x86.Deploy.0 = Debug|Any CPU
		{DD9778B3-1979-4644-88C7-CA8330F2FEC0}.Release|Any CPU.ActiveCfg = Release|Any CPU
		{DD9778B3-1979-4644-88C7-CA8330F2FEC0}.Release|Any CPU.Build.0 = Release|Any CPU
		{DD9778B3-1979-4644-88C7-CA8330F2FEC0}.Release|Any CPU.Deploy.0 = Release|Any CPU
		{DD9778B3-1979-4644-88C7-CA8330F2FEC0}.Release|ARM.ActiveCfg = Release|Any CPU
		{DD9778B3-1979-4644-88C7-CA8330F2FEC0}.Release|ARM.Build.0 = Release|Any CPU
		{DD9778B3-1979-4644-88C7-CA8330F2FEC0}.Release|ARM.Deploy.0 = Release|Any CPU
		{DD9778B3-1979-4644-88C7-CA8330F2FEC0}.Release|iPhone.ActiveCfg = Release|Any CPU
		{DD9778B3-1979-4644-88C7-CA8330F2FEC0}.Release|iPhone.Build.0 = Release|Any CPU
		{DD9778B3-1979-4644-88C7-CA8330F2FEC0}.Release|iPhone.Deploy.0 = Release|Any CPU
		{DD9778B3-1979-4644-88C7-CA8330F2FEC0}.Release|iPhoneSimulator.ActiveCfg = Release|Any CPU
		{DD9778B3-1979-4644-88C7-CA8330F2FEC0}.Release|iPhoneSimulator.Build.0 = Release|Any CPU
		{DD9778B3-1979-4644-88C7-CA8330F2FEC0}.Release|iPhoneSimulator.Deploy.0 = Release|Any CPU
		{DD9778B3-1979-4644-88C7-CA8330F2FEC0}.Release|x64.ActiveCfg = Release|Any CPU
		{DD9778B3-1979-4644-88C7-CA8330F2FEC0}.Release|x64.Build.0 = Release|Any CPU
		{DD9778B3-1979-4644-88C7-CA8330F2FEC0}.Release|x64.Deploy.0 = Release|Any CPU
		{DD9778B3-1979-4644-88C7-CA8330F2FEC0}.Release|x86.ActiveCfg = Release|Any CPU
		{DD9778B3-1979-4644-88C7-CA8330F2FEC0}.Release|x86.Build.0 = Release|Any CPU
		{DD9778B3-1979-4644-88C7-CA8330F2FEC0}.Release|x86.Deploy.0 = Release|Any CPU
		{26984DDD-E523-4E5C-BBDA-F7FA78F92C75}.Debug|Any CPU.ActiveCfg = Debug|iPhone
		{26984DDD-E523-4E5C-BBDA-F7FA78F92C75}.Debug|Any CPU.Build.0 = Debug|iPhone
		{26984DDD-E523-4E5C-BBDA-F7FA78F92C75}.Debug|Any CPU.Deploy.0 = Debug|iPhone
		{26984DDD-E523-4E5C-BBDA-F7FA78F92C75}.Debug|ARM.ActiveCfg = Debug|iPhoneSimulator
		{26984DDD-E523-4E5C-BBDA-F7FA78F92C75}.Debug|ARM.Build.0 = Debug|iPhoneSimulator
		{26984DDD-E523-4E5C-BBDA-F7FA78F92C75}.Debug|ARM.Deploy.0 = Debug|iPhoneSimulator
		{26984DDD-E523-4E5C-BBDA-F7FA78F92C75}.Debug|iPhone.ActiveCfg = Debug|iPhone
		{26984DDD-E523-4E5C-BBDA-F7FA78F92C75}.Debug|iPhone.Build.0 = Debug|iPhone
		{26984DDD-E523-4E5C-BBDA-F7FA78F92C75}.Debug|iPhone.Deploy.0 = Debug|iPhone
		{26984DDD-E523-4E5C-BBDA-F7FA78F92C75}.Debug|iPhoneSimulator.ActiveCfg = Debug|iPhoneSimulator
		{26984DDD-E523-4E5C-BBDA-F7FA78F92C75}.Debug|iPhoneSimulator.Build.0 = Debug|iPhoneSimulator
		{26984DDD-E523-4E5C-BBDA-F7FA78F92C75}.Debug|iPhoneSimulator.Deploy.0 = Debug|iPhoneSimulator
		{26984DDD-E523-4E5C-BBDA-F7FA78F92C75}.Debug|x64.ActiveCfg = Debug|iPhone
		{26984DDD-E523-4E5C-BBDA-F7FA78F92C75}.Debug|x64.Build.0 = Debug|iPhone
		{26984DDD-E523-4E5C-BBDA-F7FA78F92C75}.Debug|x64.Deploy.0 = Debug|iPhone
		{26984DDD-E523-4E5C-BBDA-F7FA78F92C75}.Debug|x86.ActiveCfg = Debug|iPhone
		{26984DDD-E523-4E5C-BBDA-F7FA78F92C75}.Debug|x86.Build.0 = Debug|iPhone
		{26984DDD-E523-4E5C-BBDA-F7FA78F92C75}.Debug|x86.Deploy.0 = Debug|iPhone
		{26984DDD-E523-4E5C-BBDA-F7FA78F92C75}.Release|Any CPU.ActiveCfg = Release|iPhone
		{26984DDD-E523-4E5C-BBDA-F7FA78F92C75}.Release|Any CPU.Build.0 = Release|iPhone
		{26984DDD-E523-4E5C-BBDA-F7FA78F92C75}.Release|Any CPU.Deploy.0 = Release|iPhone
		{26984DDD-E523-4E5C-BBDA-F7FA78F92C75}.Release|ARM.ActiveCfg = Release|iPhone
		{26984DDD-E523-4E5C-BBDA-F7FA78F92C75}.Release|ARM.Build.0 = Release|iPhone
		{26984DDD-E523-4E5C-BBDA-F7FA78F92C75}.Release|ARM.Deploy.0 = Release|iPhone
		{26984DDD-E523-4E5C-BBDA-F7FA78F92C75}.Release|iPhone.ActiveCfg = Release|iPhone
		{26984DDD-E523-4E5C-BBDA-F7FA78F92C75}.Release|iPhone.Build.0 = Release|iPhone
		{26984DDD-E523-4E5C-BBDA-F7FA78F92C75}.Release|iPhone.Deploy.0 = Release|iPhone
		{26984DDD-E523-4E5C-BBDA-F7FA78F92C75}.Release|iPhoneSimulator.ActiveCfg = Release|iPhoneSimulator
		{26984DDD-E523-4E5C-BBDA-F7FA78F92C75}.Release|iPhoneSimulator.Build.0 = Release|iPhoneSimulator
		{26984DDD-E523-4E5C-BBDA-F7FA78F92C75}.Release|iPhoneSimulator.Deploy.0 = Release|iPhoneSimulator
		{26984DDD-E523-4E5C-BBDA-F7FA78F92C75}.Release|x64.ActiveCfg = Release|iPhone
		{26984DDD-E523-4E5C-BBDA-F7FA78F92C75}.Release|x64.Build.0 = Release|iPhone
		{26984DDD-E523-4E5C-BBDA-F7FA78F92C75}.Release|x64.Deploy.0 = Release|iPhone
		{26984DDD-E523-4E5C-BBDA-F7FA78F92C75}.Release|x86.ActiveCfg = Release|iPhone
		{26984DDD-E523-4E5C-BBDA-F7FA78F92C75}.Release|x86.Build.0 = Release|iPhone
		{26984DDD-E523-4E5C-BBDA-F7FA78F92C75}.Release|x86.Deploy.0 = Release|iPhone
		{FB4E8F7C-0EFE-45CF-BDF5-F4F3D1CE57C6}.Debug|Any CPU.ActiveCfg = Debug|Any CPU
		{FB4E8F7C-0EFE-45CF-BDF5-F4F3D1CE57C6}.Debug|Any CPU.Build.0 = Debug|Any CPU
		{FB4E8F7C-0EFE-45CF-BDF5-F4F3D1CE57C6}.Debug|Any CPU.Deploy.0 = Debug|Any CPU
		{FB4E8F7C-0EFE-45CF-BDF5-F4F3D1CE57C6}.Debug|ARM.ActiveCfg = Debug|Any CPU
		{FB4E8F7C-0EFE-45CF-BDF5-F4F3D1CE57C6}.Debug|ARM.Build.0 = Debug|Any CPU
		{FB4E8F7C-0EFE-45CF-BDF5-F4F3D1CE57C6}.Debug|ARM.Deploy.0 = Debug|Any CPU
		{FB4E8F7C-0EFE-45CF-BDF5-F4F3D1CE57C6}.Debug|iPhone.ActiveCfg = Debug|Any CPU
		{FB4E8F7C-0EFE-45CF-BDF5-F4F3D1CE57C6}.Debug|iPhone.Build.0 = Debug|Any CPU
		{FB4E8F7C-0EFE-45CF-BDF5-F4F3D1CE57C6}.Debug|iPhone.Deploy.0 = Debug|Any CPU
		{FB4E8F7C-0EFE-45CF-BDF5-F4F3D1CE57C6}.Debug|iPhoneSimulator.ActiveCfg = Debug|Any CPU
		{FB4E8F7C-0EFE-45CF-BDF5-F4F3D1CE57C6}.Debug|iPhoneSimulator.Build.0 = Debug|Any CPU
		{FB4E8F7C-0EFE-45CF-BDF5-F4F3D1CE57C6}.Debug|iPhoneSimulator.Deploy.0 = Debug|Any CPU
		{FB4E8F7C-0EFE-45CF-BDF5-F4F3D1CE57C6}.Debug|x64.ActiveCfg = Debug|Any CPU
		{FB4E8F7C-0EFE-45CF-BDF5-F4F3D1CE57C6}.Debug|x64.Build.0 = Debug|Any CPU
		{FB4E8F7C-0EFE-45CF-BDF5-F4F3D1CE57C6}.Debug|x64.Deploy.0 = Debug|Any CPU
		{FB4E8F7C-0EFE-45CF-BDF5-F4F3D1CE57C6}.Debug|x86.ActiveCfg = Debug|Any CPU
		{FB4E8F7C-0EFE-45CF-BDF5-F4F3D1CE57C6}.Debug|x86.Build.0 = Debug|Any CPU
		{FB4E8F7C-0EFE-45CF-BDF5-F4F3D1CE57C6}.Debug|x86.Deploy.0 = Debug|Any CPU
		{FB4E8F7C-0EFE-45CF-BDF5-F4F3D1CE57C6}.Release|Any CPU.ActiveCfg = Release|Any CPU
		{FB4E8F7C-0EFE-45CF-BDF5-F4F3D1CE57C6}.Release|Any CPU.Build.0 = Release|Any CPU
		{FB4E8F7C-0EFE-45CF-BDF5-F4F3D1CE57C6}.Release|Any CPU.Deploy.0 = Release|Any CPU
		{FB4E8F7C-0EFE-45CF-BDF5-F4F3D1CE57C6}.Release|ARM.ActiveCfg = Release|Any CPU
		{FB4E8F7C-0EFE-45CF-BDF5-F4F3D1CE57C6}.Release|ARM.Build.0 = Release|Any CPU
		{FB4E8F7C-0EFE-45CF-BDF5-F4F3D1CE57C6}.Release|ARM.Deploy.0 = Release|Any CPU
		{FB4E8F7C-0EFE-45CF-BDF5-F4F3D1CE57C6}.Release|iPhone.ActiveCfg = Release|Any CPU
		{FB4E8F7C-0EFE-45CF-BDF5-F4F3D1CE57C6}.Release|iPhone.Build.0 = Release|Any CPU
		{FB4E8F7C-0EFE-45CF-BDF5-F4F3D1CE57C6}.Release|iPhone.Deploy.0 = Release|Any CPU
		{FB4E8F7C-0EFE-45CF-BDF5-F4F3D1CE57C6}.Release|iPhoneSimulator.ActiveCfg = Release|Any CPU
		{FB4E8F7C-0EFE-45CF-BDF5-F4F3D1CE57C6}.Release|iPhoneSimulator.Build.0 = Release|Any CPU
		{FB4E8F7C-0EFE-45CF-BDF5-F4F3D1CE57C6}.Release|iPhoneSimulator.Deploy.0 = Release|Any CPU
		{FB4E8F7C-0EFE-45CF-BDF5-F4F3D1CE57C6}.Release|x64.ActiveCfg = Release|Any CPU
		{FB4E8F7C-0EFE-45CF-BDF5-F4F3D1CE57C6}.Release|x64.Build.0 = Release|Any CPU
		{FB4E8F7C-0EFE-45CF-BDF5-F4F3D1CE57C6}.Release|x64.Deploy.0 = Release|Any CPU
		{FB4E8F7C-0EFE-45CF-BDF5-F4F3D1CE57C6}.Release|x86.ActiveCfg = Release|Any CPU
		{FB4E8F7C-0EFE-45CF-BDF5-F4F3D1CE57C6}.Release|x86.Build.0 = Release|Any CPU
		{FB4E8F7C-0EFE-45CF-BDF5-F4F3D1CE57C6}.Release|x86.Deploy.0 = Release|Any CPU
	EndGlobalSection
	GlobalSection(SolutionProperties) = preSolution
		HideSolutionNode = FALSE
	EndGlobalSection
	GlobalSection(ExtensibilityGlobals) = postSolution
		SolutionGuid = {E5A0C1E1-DCAA-43D5-8E28-3204CF330A68}
	EndGlobalSection
EndGlobal
